// !$*UTF8*$!
{
	archiveVersion = 1;
	classes = {
	};
	objectVersion = 46;
	objects = {

/* Begin PBXBuildFile section */
		5422F36B1394E39D0044E982 /* JAListView.m in Sources */ = {isa = PBXBuildFile; fileRef = 5422F2E71394E39D0044E982 /* JAListView.m */; };
		5422F36D1394E39D0044E982 /* JAListViewItem.m in Sources */ = {isa = PBXBuildFile; fileRef = 5422F2EF1394E39D0044E982 /* JAListViewItem.m */; };
		5422F36E1394E39D0044E982 /* JAObjectListView.m in Sources */ = {isa = PBXBuildFile; fileRef = 5422F2F11394E39D0044E982 /* JAObjectListView.m */; };
		5422F36F1394E39D0044E982 /* JAObjectListViewItem.m in Sources */ = {isa = PBXBuildFile; fileRef = 5422F2F31394E39D0044E982 /* JAObjectListViewItem.m */; };
		5422F3701394E39D0044E982 /* JASectionedListView.m in Sources */ = {isa = PBXBuildFile; fileRef = 5422F2F51394E39D0044E982 /* JASectionedListView.m */; };
		5422F3721394E39D0044E982 /* NSIndexPath+JAListViewExtensions.m in Sources */ = {isa = PBXBuildFile; fileRef = 5422F2F81394E39D0044E982 /* NSIndexPath+JAListViewExtensions.m */; };
		5426994A13948CDE0052EE8E /* SDImageCache.m in Sources */ = {isa = PBXBuildFile; fileRef = 5426992713948CDE0052EE8E /* SDImageCache.m */; };
		5426994B13948CDE0052EE8E /* SDWebImageDownloader.m in Sources */ = {isa = PBXBuildFile; fileRef = 5426992B13948CDE0052EE8E /* SDWebImageDownloader.m */; };
		5426994C13948CDE0052EE8E /* SDWebImageManager.m in Sources */ = {isa = PBXBuildFile; fileRef = 5426992E13948CDE0052EE8E /* SDWebImageManager.m */; };
		5426994D13948CDE0052EE8E /* UIImageView+WebCache.m in Sources */ = {isa = PBXBuildFile; fileRef = 5426993113948CDE0052EE8E /* UIImageView+WebCache.m */; };
		5426995013948E670052EE8E /* app_default.png in Resources */ = {isa = PBXBuildFile; fileRef = 5426994F13948E670052EE8E /* app_default.png */; };
		54269953139496110052EE8E /* AppService.m in Sources */ = {isa = PBXBuildFile; fileRef = 54269952139496110052EE8E /* AppService.m */; };
		5426995A139497ED0052EE8E /* AppTests.m in Sources */ = {isa = PBXBuildFile; fileRef = 54269959139497ED0052EE8E /* AppTests.m */; };
		5426995E1394C2280052EE8E /* AppListViewController.m in Sources */ = {isa = PBXBuildFile; fileRef = 5426995C1394C2270052EE8E /* AppListViewController.m */; };
		542699621394C5930052EE8E /* AppListViewCell.m in Sources */ = {isa = PBXBuildFile; fileRef = 542699611394C5930052EE8E /* AppListViewCell.m */; };
		542699641394C5A80052EE8E /* AppListViewCell.xib in Resources */ = {isa = PBXBuildFile; fileRef = 542699631394C5A80052EE8E /* AppListViewCell.xib */; };
		546458BB139391C20096466C /* Cocoa.framework in Frameworks */ = {isa = PBXBuildFile; fileRef = 546458BA139391C20096466C /* Cocoa.framework */; };
		546458C5139391C30096466C /* InfoPlist.strings in Resources */ = {isa = PBXBuildFile; fileRef = 546458C3139391C30096466C /* InfoPlist.strings */; };
		546458C8139391C30096466C /* main.m in Sources */ = {isa = PBXBuildFile; fileRef = 546458C7139391C30096466C /* main.m */; };
		546458CB139391C30096466C /* Credits.rtf in Resources */ = {isa = PBXBuildFile; fileRef = 546458C9139391C30096466C /* Credits.rtf */; };
		546458CE139391C30096466C /* AppMonAppDelegate.m in Sources */ = {isa = PBXBuildFile; fileRef = 546458CD139391C30096466C /* AppMonAppDelegate.m */; };
		546458D1139391C30096466C /* MainMenu.xib in Resources */ = {isa = PBXBuildFile; fileRef = 546458CF139391C30096466C /* MainMenu.xib */; };
		546458D8139391C40096466C /* Cocoa.framework in Frameworks */ = {isa = PBXBuildFile; fileRef = 546458BA139391C20096466C /* Cocoa.framework */; };
		546458E0139391C40096466C /* InfoPlist.strings in Resources */ = {isa = PBXBuildFile; fileRef = 546458DE139391C40096466C /* InfoPlist.strings */; };
		54645AE5139393450096466C /* ESiTunesScroller.m in Sources */ = {isa = PBXBuildFile; fileRef = 54645979139393440096466C /* ESiTunesScroller.m */; };
		54645AE6139393450096466C /* ESScrollView.m in Sources */ = {isa = PBXBuildFile; fileRef = 5464597B139393440096466C /* ESScrollView.m */; };
		54645B4A139393450096466C /* INAppStoreWindow.m in Sources */ = {isa = PBXBuildFile; fileRef = 54645A35139393440096466C /* INAppStoreWindow.m */; };
		54645B84139394A00096466C /* AppStoreApi.m in Sources */ = {isa = PBXBuildFile; fileRef = 54645B83139394A00096466C /* AppStoreApi.m */; };
		54645B87139394AF0096466C /* App.m in Sources */ = {isa = PBXBuildFile; fileRef = 54645B86139394AF0096466C /* App.m */; };
		54645B8A139394B80096466C /* Review.m in Sources */ = {isa = PBXBuildFile; fileRef = 54645B89139394B80096466C /* Review.m */; };
		54645BA1139398C70096466C /* ASIDataCompressor.m in Sources */ = {isa = PBXBuildFile; fileRef = 54645B90139398C70096466C /* ASIDataCompressor.m */; };
		54645BA2139398C70096466C /* ASIDataDecompressor.m in Sources */ = {isa = PBXBuildFile; fileRef = 54645B92139398C70096466C /* ASIDataDecompressor.m */; };
		54645BA3139398C70096466C /* ASIDownloadCache.m in Sources */ = {isa = PBXBuildFile; fileRef = 54645B94139398C70096466C /* ASIDownloadCache.m */; };
		54645BA4139398C70096466C /* ASIFormDataRequest.m in Sources */ = {isa = PBXBuildFile; fileRef = 54645B96139398C70096466C /* ASIFormDataRequest.m */; };
		54645BA5139398C70096466C /* ASIHTTPRequest.m in Sources */ = {isa = PBXBuildFile; fileRef = 54645B98139398C70096466C /* ASIHTTPRequest.m */; };
		54645BA6139398C70096466C /* ASIInputStream.m in Sources */ = {isa = PBXBuildFile; fileRef = 54645B9C139398C70096466C /* ASIInputStream.m */; };
		54645BA7139398C70096466C /* ASINetworkQueue.m in Sources */ = {isa = PBXBuildFile; fileRef = 54645B9E139398C70096466C /* ASINetworkQueue.m */; };
		54645BAC139399150096466C /* SystemConfiguration.framework in Frameworks */ = {isa = PBXBuildFile; fileRef = 54645BAB139399150096466C /* SystemConfiguration.framework */; };
		54645BAF139399210096466C /* Quartz.framework in Frameworks */ = {isa = PBXBuildFile; fileRef = 54645BAD139399210096466C /* Quartz.framework */; };
		54645BB0139399210096466C /* QuartzCore.framework in Frameworks */ = {isa = PBXBuildFile; fileRef = 54645BAE139399210096466C /* QuartzCore.framework */; };
		54645BB21393992A0096466C /* libz.dylib in Frameworks */ = {isa = PBXBuildFile; fileRef = 54645BB11393992A0096466C /* libz.dylib */; };
		54645BB4139399540096466C /* CoreServices.framework in Frameworks */ = {isa = PBXBuildFile; fileRef = 54645BB3139399540096466C /* CoreServices.framework */; };
		54645BC213939D2A0096466C /* AppStoreApiTests.m in Sources */ = {isa = PBXBuildFile; fileRef = 54645BC013939AFD0096466C /* AppStoreApiTests.m */; };
		54645BC413939EBC0096466C /* SystemConfiguration.framework in Frameworks */ = {isa = PBXBuildFile; fileRef = 54645BC313939EBB0096466C /* SystemConfiguration.framework */; };
		54645BC713939EC40096466C /* Quartz.framework in Frameworks */ = {isa = PBXBuildFile; fileRef = 54645BC513939EC40096466C /* Quartz.framework */; };
		54645BC813939EC40096466C /* QuartzCore.framework in Frameworks */ = {isa = PBXBuildFile; fileRef = 54645BC613939EC40096466C /* QuartzCore.framework */; };
		54645BCA13939EFA0096466C /* libz.dylib in Frameworks */ = {isa = PBXBuildFile; fileRef = 54645BC913939EFA0096466C /* libz.dylib */; };
		549FFC0B1394EBE8003321C5 /* AppSearchResultItem.xib in Resources */ = {isa = PBXBuildFile; fileRef = 549FFC0A1394EBE8003321C5 /* AppSearchResultItem.xib */; };
		549FFC0F1394EC89003321C5 /* AppSearchResultItem.m in Sources */ = {isa = PBXBuildFile; fileRef = 549FFC0E1394EC89003321C5 /* AppSearchResultItem.m */; };
		549FFC111394EE20003321C5 /* AppSearchHeaderItem.xib in Resources */ = {isa = PBXBuildFile; fileRef = 549FFC101394EE1F003321C5 /* AppSearchHeaderItem.xib */; };
		549FFC141394EE30003321C5 /* AppSearchHeaderItem.m in Sources */ = {isa = PBXBuildFile; fileRef = 549FFC131394EE30003321C5 /* AppSearchHeaderItem.m */; };
		549FFC171394F849003321C5 /* AppUpdateViewController.m in Sources */ = {isa = PBXBuildFile; fileRef = 549FFC161394F849003321C5 /* AppUpdateViewController.m */; };
		549FFC191394FAC6003321C5 /* LoadingViewItem.xib in Resources */ = {isa = PBXBuildFile; fileRef = 549FFC181394FAC5003321C5 /* LoadingViewItem.xib */; };
		549FFC1C1394FAFB003321C5 /* LoadingViewItem.m in Sources */ = {isa = PBXBuildFile; fileRef = 549FFC1B1394FAFA003321C5 /* LoadingViewItem.m */; };
		549FFC1E1394FDC3003321C5 /* AppReviewViewCell.xib in Resources */ = {isa = PBXBuildFile; fileRef = 549FFC1D1394FDC2003321C5 /* AppReviewViewCell.xib */; };
		549FFC211394FF99003321C5 /* AppReviewViewCell.m in Sources */ = {isa = PBXBuildFile; fileRef = 549FFC201394FF99003321C5 /* AppReviewViewCell.m */; };
		54B7C6FE1393A8A300AE8EDD /* angry.plist in Resources */ = {isa = PBXBuildFile; fileRef = 54B7C6FD1393A8A300AE8EDD /* angry.plist */; };
		54B7C7161393B75B00AE8EDD /* RegexKitLite.m in Sources */ = {isa = PBXBuildFile; fileRef = 54B7C70C1393B75B00AE8EDD /* RegexKitLite.m */; };
		54B7C7181393B7D600AE8EDD /* libicucore.dylib in Frameworks */ = {isa = PBXBuildFile; fileRef = 54B7C7171393B7D600AE8EDD /* libicucore.dylib */; };
		54CC03451393DCCE00F6DA6B /* XPathQuery.m in Sources */ = {isa = PBXBuildFile; fileRef = 54CC03441393DCCE00F6DA6B /* XPathQuery.m */; };
		54CC03551393DEC800F6DA6B /* libxml2.2.dylib in Frameworks */ = {isa = PBXBuildFile; fileRef = 54CC03541393DEC800F6DA6B /* libxml2.2.dylib */; };
		54F6505F1393CFA3005FF9B7 /* Store.m in Sources */ = {isa = PBXBuildFile; fileRef = 54F6505E1393CFA3005FF9B7 /* Store.m */; };
		54F7E47D1393F077007C8CCD /* AppMonMainController.m in Sources */ = {isa = PBXBuildFile; fileRef = 54F7E47B1393F076007C8CCD /* AppMonMainController.m */; };
		54F7E4831393F6EA007C8CCD /* SearchViewController.m in Sources */ = {isa = PBXBuildFile; fileRef = 54F7E4811393F6E9007C8CCD /* SearchViewController.m */; };
		54FBE27D139523520069A2C0 /* NS(Attributed)String+Geometrics.m in Sources */ = {isa = PBXBuildFile; fileRef = 54FBE26C139523520069A2C0 /* NS(Attributed)String+Geometrics.m */; };
/* End PBXBuildFile section */

/* Begin PBXContainerItemProxy section */
		546458D9139391C40096466C /* PBXContainerItemProxy */ = {
			isa = PBXContainerItemProxy;
			containerPortal = 546458AD139391C10096466C /* Project object */;
			proxyType = 1;
			remoteGlobalIDString = 546458B5139391C20096466C;
			remoteInfo = AppMon;
		};
/* End PBXContainerItemProxy section */

/* Begin PBXFileReference section */
		5422F2E41394E39D0044E982 /* JAEdgeInsets.h */ = {isa = PBXFileReference; fileEncoding = 4; lastKnownFileType = sourcecode.c.h; path = JAEdgeInsets.h; sourceTree = "<group>"; };
		5422F2E61394E39D0044E982 /* JAListView.h */ = {isa = PBXFileReference; fileEncoding = 4; lastKnownFileType = sourcecode.c.h; path = JAListView.h; sourceTree = "<group>"; };
		5422F2E71394E39D0044E982 /* JAListView.m */ = {isa = PBXFileReference; fileEncoding = 4; lastKnownFileType = sourcecode.c.objc; path = JAListView.m; sourceTree = "<group>"; };
		5422F2EB1394E39D0044E982 /* JAListView_Prefix.pch */ = {isa = PBXFileReference; fileEncoding = 4; lastKnownFileType = sourcecode.c.h; path = JAListView_Prefix.pch; sourceTree = "<group>"; };
		5422F2EE1394E39D0044E982 /* JAListViewItem.h */ = {isa = PBXFileReference; fileEncoding = 4; lastKnownFileType = sourcecode.c.h; path = JAListViewItem.h; sourceTree = "<group>"; };
		5422F2EF1394E39D0044E982 /* JAListViewItem.m */ = {isa = PBXFileReference; fileEncoding = 4; lastKnownFileType = sourcecode.c.objc; path = JAListViewItem.m; sourceTree = "<group>"; };
		5422F2F01394E39D0044E982 /* JAObjectListView.h */ = {isa = PBXFileReference; fileEncoding = 4; lastKnownFileType = sourcecode.c.h; path = JAObjectListView.h; sourceTree = "<group>"; };
		5422F2F11394E39D0044E982 /* JAObjectListView.m */ = {isa = PBXFileReference; fileEncoding = 4; lastKnownFileType = sourcecode.c.objc; path = JAObjectListView.m; sourceTree = "<group>"; };
		5422F2F21394E39D0044E982 /* JAObjectListViewItem.h */ = {isa = PBXFileReference; fileEncoding = 4; lastKnownFileType = sourcecode.c.h; path = JAObjectListViewItem.h; sourceTree = "<group>"; };
		5422F2F31394E39D0044E982 /* JAObjectListViewItem.m */ = {isa = PBXFileReference; fileEncoding = 4; lastKnownFileType = sourcecode.c.objc; path = JAObjectListViewItem.m; sourceTree = "<group>"; };
		5422F2F41394E39D0044E982 /* JASectionedListView.h */ = {isa = PBXFileReference; fileEncoding = 4; lastKnownFileType = sourcecode.c.h; path = JASectionedListView.h; sourceTree = "<group>"; };
		5422F2F51394E39D0044E982 /* JASectionedListView.m */ = {isa = PBXFileReference; fileEncoding = 4; lastKnownFileType = sourcecode.c.objc; path = JASectionedListView.m; sourceTree = "<group>"; };
		5422F2F71394E39D0044E982 /* NSIndexPath+JAListViewExtensions.h */ = {isa = PBXFileReference; fileEncoding = 4; lastKnownFileType = sourcecode.c.h; path = "NSIndexPath+JAListViewExtensions.h"; sourceTree = "<group>"; };
		5422F2F81394E39D0044E982 /* NSIndexPath+JAListViewExtensions.m */ = {isa = PBXFileReference; fileEncoding = 4; lastKnownFileType = sourcecode.c.objc; path = "NSIndexPath+JAListViewExtensions.m"; sourceTree = "<group>"; };
		5426992613948CDE0052EE8E /* SDImageCache.h */ = {isa = PBXFileReference; fileEncoding = 4; lastKnownFileType = sourcecode.c.h; path = SDImageCache.h; sourceTree = "<group>"; };
		5426992713948CDE0052EE8E /* SDImageCache.m */ = {isa = PBXFileReference; fileEncoding = 4; lastKnownFileType = sourcecode.c.objc; path = SDImageCache.m; sourceTree = "<group>"; };
		5426992813948CDE0052EE8E /* SDImageCacheDelegate.h */ = {isa = PBXFileReference; fileEncoding = 4; lastKnownFileType = sourcecode.c.h; path = SDImageCacheDelegate.h; sourceTree = "<group>"; };
		5426992913948CDE0052EE8E /* SDWebImageCompat.h */ = {isa = PBXFileReference; fileEncoding = 4; lastKnownFileType = sourcecode.c.h; path = SDWebImageCompat.h; sourceTree = "<group>"; };
		5426992A13948CDE0052EE8E /* SDWebImageDownloader.h */ = {isa = PBXFileReference; fileEncoding = 4; lastKnownFileType = sourcecode.c.h; path = SDWebImageDownloader.h; sourceTree = "<group>"; };
		5426992B13948CDE0052EE8E /* SDWebImageDownloader.m */ = {isa = PBXFileReference; fileEncoding = 4; lastKnownFileType = sourcecode.c.objc; path = SDWebImageDownloader.m; sourceTree = "<group>"; };
		5426992C13948CDE0052EE8E /* SDWebImageDownloaderDelegate.h */ = {isa = PBXFileReference; fileEncoding = 4; lastKnownFileType = sourcecode.c.h; path = SDWebImageDownloaderDelegate.h; sourceTree = "<group>"; };
		5426992D13948CDE0052EE8E /* SDWebImageManager.h */ = {isa = PBXFileReference; fileEncoding = 4; lastKnownFileType = sourcecode.c.h; path = SDWebImageManager.h; sourceTree = "<group>"; };
		5426992E13948CDE0052EE8E /* SDWebImageManager.m */ = {isa = PBXFileReference; fileEncoding = 4; lastKnownFileType = sourcecode.c.objc; path = SDWebImageManager.m; sourceTree = "<group>"; };
		5426992F13948CDE0052EE8E /* SDWebImageManagerDelegate.h */ = {isa = PBXFileReference; fileEncoding = 4; lastKnownFileType = sourcecode.c.h; path = SDWebImageManagerDelegate.h; sourceTree = "<group>"; };
		5426993013948CDE0052EE8E /* UIImageView+WebCache.h */ = {isa = PBXFileReference; fileEncoding = 4; lastKnownFileType = sourcecode.c.h; path = "UIImageView+WebCache.h"; sourceTree = "<group>"; };
		5426993113948CDE0052EE8E /* UIImageView+WebCache.m */ = {isa = PBXFileReference; fileEncoding = 4; lastKnownFileType = sourcecode.c.objc; path = "UIImageView+WebCache.m"; sourceTree = "<group>"; };
		5426994F13948E670052EE8E /* app_default.png */ = {isa = PBXFileReference; lastKnownFileType = image.png; name = app_default.png; path = Resources/app_default.png; sourceTree = "<group>"; };
		54269951139496110052EE8E /* AppService.h */ = {isa = PBXFileReference; fileEncoding = 4; lastKnownFileType = sourcecode.c.h; name = AppService.h; path = Models/AppService.h; sourceTree = "<group>"; };
		54269952139496110052EE8E /* AppService.m */ = {isa = PBXFileReference; fileEncoding = 4; lastKnownFileType = sourcecode.c.objc; name = AppService.m; path = Models/AppService.m; sourceTree = "<group>"; };
		54269958139497ED0052EE8E /* AppTests.h */ = {isa = PBXFileReference; fileEncoding = 4; lastKnownFileType = sourcecode.c.h; path = AppTests.h; sourceTree = "<group>"; };
		54269959139497ED0052EE8E /* AppTests.m */ = {isa = PBXFileReference; fileEncoding = 4; lastKnownFileType = sourcecode.c.objc; path = AppTests.m; sourceTree = "<group>"; };
		5426995B1394C2270052EE8E /* AppListViewController.h */ = {isa = PBXFileReference; fileEncoding = 4; lastKnownFileType = sourcecode.c.h; name = AppListViewController.h; path = Controllers/AppListViewController.h; sourceTree = "<group>"; };
		5426995C1394C2270052EE8E /* AppListViewController.m */ = {isa = PBXFileReference; fileEncoding = 4; lastKnownFileType = sourcecode.c.objc; name = AppListViewController.m; path = Controllers/AppListViewController.m; sourceTree = "<group>"; };
		542699601394C5930052EE8E /* AppListViewCell.h */ = {isa = PBXFileReference; fileEncoding = 4; lastKnownFileType = sourcecode.c.h; name = AppListViewCell.h; path = Views/AppListViewCell.h; sourceTree = "<group>"; };
		542699611394C5930052EE8E /* AppListViewCell.m */ = {isa = PBXFileReference; fileEncoding = 4; lastKnownFileType = sourcecode.c.objc; name = AppListViewCell.m; path = Views/AppListViewCell.m; sourceTree = "<group>"; };
		542699631394C5A80052EE8E /* AppListViewCell.xib */ = {isa = PBXFileReference; fileEncoding = 4; lastKnownFileType = file.xib; name = AppListViewCell.xib; path = Views/AppListViewCell.xib; sourceTree = "<group>"; };
		546458B6139391C20096466C /* AppMon.app */ = {isa = PBXFileReference; explicitFileType = wrapper.application; includeInIndex = 0; path = AppMon.app; sourceTree = BUILT_PRODUCTS_DIR; };
		546458BA139391C20096466C /* Cocoa.framework */ = {isa = PBXFileReference; lastKnownFileType = wrapper.framework; name = Cocoa.framework; path = System/Library/Frameworks/Cocoa.framework; sourceTree = SDKROOT; };
		546458BD139391C30096466C /* AppKit.framework */ = {isa = PBXFileReference; lastKnownFileType = wrapper.framework; name = AppKit.framework; path = System/Library/Frameworks/AppKit.framework; sourceTree = SDKROOT; };
		546458BE139391C30096466C /* CoreData.framework */ = {isa = PBXFileReference; lastKnownFileType = wrapper.framework; name = CoreData.framework; path = System/Library/Frameworks/CoreData.framework; sourceTree = SDKROOT; };
		546458BF139391C30096466C /* Foundation.framework */ = {isa = PBXFileReference; lastKnownFileType = wrapper.framework; name = Foundation.framework; path = System/Library/Frameworks/Foundation.framework; sourceTree = SDKROOT; };
		546458C2139391C30096466C /* AppMon-Info.plist */ = {isa = PBXFileReference; lastKnownFileType = text.plist.xml; path = "AppMon-Info.plist"; sourceTree = "<group>"; };
		546458C4139391C30096466C /* en */ = {isa = PBXFileReference; lastKnownFileType = text.plist.strings; name = en; path = en.lproj/InfoPlist.strings; sourceTree = "<group>"; };
		546458C6139391C30096466C /* AppMon-Prefix.pch */ = {isa = PBXFileReference; lastKnownFileType = sourcecode.c.h; path = "AppMon-Prefix.pch"; sourceTree = "<group>"; };
		546458C7139391C30096466C /* main.m */ = {isa = PBXFileReference; lastKnownFileType = sourcecode.c.objc; path = main.m; sourceTree = "<group>"; };
		546458CA139391C30096466C /* en */ = {isa = PBXFileReference; lastKnownFileType = text.rtf; name = en; path = en.lproj/Credits.rtf; sourceTree = "<group>"; };
		546458CC139391C30096466C /* AppMonAppDelegate.h */ = {isa = PBXFileReference; lastKnownFileType = sourcecode.c.h; path = AppMonAppDelegate.h; sourceTree = "<group>"; };
		546458CD139391C30096466C /* AppMonAppDelegate.m */ = {isa = PBXFileReference; lastKnownFileType = sourcecode.c.objc; path = AppMonAppDelegate.m; sourceTree = "<group>"; };
		546458D0139391C30096466C /* en */ = {isa = PBXFileReference; lastKnownFileType = file.xib; name = en; path = en.lproj/MainMenu.xib; sourceTree = "<group>"; };
		546458D7139391C40096466C /* AppMonTests.octest */ = {isa = PBXFileReference; explicitFileType = wrapper.cfbundle; includeInIndex = 0; path = AppMonTests.octest; sourceTree = BUILT_PRODUCTS_DIR; };
		546458DD139391C40096466C /* AppMonTests-Info.plist */ = {isa = PBXFileReference; lastKnownFileType = text.plist.xml; path = "AppMonTests-Info.plist"; sourceTree = "<group>"; };
		546458DF139391C40096466C /* en */ = {isa = PBXFileReference; lastKnownFileType = text.plist.strings; name = en; path = en.lproj/InfoPlist.strings; sourceTree = "<group>"; };
		546458E1139391C40096466C /* AppMonTests-Prefix.pch */ = {isa = PBXFileReference; lastKnownFileType = sourcecode.c.h; path = "AppMonTests-Prefix.pch"; sourceTree = "<group>"; };
		54645978139393440096466C /* ESiTunesScroller.h */ = {isa = PBXFileReference; fileEncoding = 4; lastKnownFileType = sourcecode.c.h; path = ESiTunesScroller.h; sourceTree = "<group>"; };
		54645979139393440096466C /* ESiTunesScroller.m */ = {isa = PBXFileReference; fileEncoding = 4; lastKnownFileType = sourcecode.c.objc; path = ESiTunesScroller.m; sourceTree = "<group>"; };
		5464597A139393440096466C /* ESScrollView.h */ = {isa = PBXFileReference; fileEncoding = 4; lastKnownFileType = sourcecode.c.h; path = ESScrollView.h; sourceTree = "<group>"; };
		5464597B139393440096466C /* ESScrollView.m */ = {isa = PBXFileReference; fileEncoding = 4; lastKnownFileType = sourcecode.c.objc; path = ESScrollView.m; sourceTree = "<group>"; };
		54645A34139393440096466C /* INAppStoreWindow.h */ = {isa = PBXFileReference; fileEncoding = 4; lastKnownFileType = sourcecode.c.h; path = INAppStoreWindow.h; sourceTree = "<group>"; };
		54645A35139393440096466C /* INAppStoreWindow.m */ = {isa = PBXFileReference; fileEncoding = 4; lastKnownFileType = sourcecode.c.objc; path = INAppStoreWindow.m; sourceTree = "<group>"; };
		54645B82139394A00096466C /* AppStoreApi.h */ = {isa = PBXFileReference; fileEncoding = 4; lastKnownFileType = sourcecode.c.h; name = AppStoreApi.h; path = Models/AppStoreApi.h; sourceTree = "<group>"; };
		54645B83139394A00096466C /* AppStoreApi.m */ = {isa = PBXFileReference; fileEncoding = 4; lastKnownFileType = sourcecode.c.objc; name = AppStoreApi.m; path = Models/AppStoreApi.m; sourceTree = "<group>"; };
		54645B85139394AF0096466C /* App.h */ = {isa = PBXFileReference; fileEncoding = 4; lastKnownFileType = sourcecode.c.h; name = App.h; path = Models/App.h; sourceTree = "<group>"; };
		54645B86139394AF0096466C /* App.m */ = {isa = PBXFileReference; fileEncoding = 4; lastKnownFileType = sourcecode.c.objc; name = App.m; path = Models/App.m; sourceTree = "<group>"; };
		54645B88139394B80096466C /* Review.h */ = {isa = PBXFileReference; fileEncoding = 4; lastKnownFileType = sourcecode.c.h; name = Review.h; path = Models/Review.h; sourceTree = "<group>"; };
		54645B89139394B80096466C /* Review.m */ = {isa = PBXFileReference; fileEncoding = 4; lastKnownFileType = sourcecode.c.objc; name = Review.m; path = Models/Review.m; sourceTree = "<group>"; };
		54645B8E139398C70096466C /* ASICacheDelegate.h */ = {isa = PBXFileReference; fileEncoding = 4; lastKnownFileType = sourcecode.c.h; name = ASICacheDelegate.h; path = External/ASIHttpRequest/Classes/ASICacheDelegate.h; sourceTree = "<group>"; };
		54645B8F139398C70096466C /* ASIDataCompressor.h */ = {isa = PBXFileReference; fileEncoding = 4; lastKnownFileType = sourcecode.c.h; name = ASIDataCompressor.h; path = External/ASIHttpRequest/Classes/ASIDataCompressor.h; sourceTree = "<group>"; };
		54645B90139398C70096466C /* ASIDataCompressor.m */ = {isa = PBXFileReference; fileEncoding = 4; lastKnownFileType = sourcecode.c.objc; name = ASIDataCompressor.m; path = External/ASIHttpRequest/Classes/ASIDataCompressor.m; sourceTree = "<group>"; };
		54645B91139398C70096466C /* ASIDataDecompressor.h */ = {isa = PBXFileReference; fileEncoding = 4; lastKnownFileType = sourcecode.c.h; name = ASIDataDecompressor.h; path = External/ASIHttpRequest/Classes/ASIDataDecompressor.h; sourceTree = "<group>"; };
		54645B92139398C70096466C /* ASIDataDecompressor.m */ = {isa = PBXFileReference; fileEncoding = 4; lastKnownFileType = sourcecode.c.objc; name = ASIDataDecompressor.m; path = External/ASIHttpRequest/Classes/ASIDataDecompressor.m; sourceTree = "<group>"; };
		54645B93139398C70096466C /* ASIDownloadCache.h */ = {isa = PBXFileReference; fileEncoding = 4; lastKnownFileType = sourcecode.c.h; name = ASIDownloadCache.h; path = External/ASIHttpRequest/Classes/ASIDownloadCache.h; sourceTree = "<group>"; };
		54645B94139398C70096466C /* ASIDownloadCache.m */ = {isa = PBXFileReference; fileEncoding = 4; lastKnownFileType = sourcecode.c.objc; name = ASIDownloadCache.m; path = External/ASIHttpRequest/Classes/ASIDownloadCache.m; sourceTree = "<group>"; };
		54645B95139398C70096466C /* ASIFormDataRequest.h */ = {isa = PBXFileReference; fileEncoding = 4; lastKnownFileType = sourcecode.c.h; name = ASIFormDataRequest.h; path = External/ASIHttpRequest/Classes/ASIFormDataRequest.h; sourceTree = "<group>"; };
		54645B96139398C70096466C /* ASIFormDataRequest.m */ = {isa = PBXFileReference; fileEncoding = 4; lastKnownFileType = sourcecode.c.objc; name = ASIFormDataRequest.m; path = External/ASIHttpRequest/Classes/ASIFormDataRequest.m; sourceTree = "<group>"; };
		54645B97139398C70096466C /* ASIHTTPRequest.h */ = {isa = PBXFileReference; fileEncoding = 4; lastKnownFileType = sourcecode.c.h; name = ASIHTTPRequest.h; path = External/ASIHttpRequest/Classes/ASIHTTPRequest.h; sourceTree = "<group>"; };
		54645B98139398C70096466C /* ASIHTTPRequest.m */ = {isa = PBXFileReference; fileEncoding = 4; lastKnownFileType = sourcecode.c.objc; name = ASIHTTPRequest.m; path = External/ASIHttpRequest/Classes/ASIHTTPRequest.m; sourceTree = "<group>"; };
		54645B99139398C70096466C /* ASIHTTPRequestConfig.h */ = {isa = PBXFileReference; fileEncoding = 4; lastKnownFileType = sourcecode.c.h; name = ASIHTTPRequestConfig.h; path = External/ASIHttpRequest/Classes/ASIHTTPRequestConfig.h; sourceTree = "<group>"; };
		54645B9A139398C70096466C /* ASIHTTPRequestDelegate.h */ = {isa = PBXFileReference; fileEncoding = 4; lastKnownFileType = sourcecode.c.h; name = ASIHTTPRequestDelegate.h; path = External/ASIHttpRequest/Classes/ASIHTTPRequestDelegate.h; sourceTree = "<group>"; };
		54645B9B139398C70096466C /* ASIInputStream.h */ = {isa = PBXFileReference; fileEncoding = 4; lastKnownFileType = sourcecode.c.h; name = ASIInputStream.h; path = External/ASIHttpRequest/Classes/ASIInputStream.h; sourceTree = "<group>"; };
		54645B9C139398C70096466C /* ASIInputStream.m */ = {isa = PBXFileReference; fileEncoding = 4; lastKnownFileType = sourcecode.c.objc; name = ASIInputStream.m; path = External/ASIHttpRequest/Classes/ASIInputStream.m; sourceTree = "<group>"; };
		54645B9D139398C70096466C /* ASINetworkQueue.h */ = {isa = PBXFileReference; fileEncoding = 4; lastKnownFileType = sourcecode.c.h; name = ASINetworkQueue.h; path = External/ASIHttpRequest/Classes/ASINetworkQueue.h; sourceTree = "<group>"; };
		54645B9E139398C70096466C /* ASINetworkQueue.m */ = {isa = PBXFileReference; fileEncoding = 4; lastKnownFileType = sourcecode.c.objc; name = ASINetworkQueue.m; path = External/ASIHttpRequest/Classes/ASINetworkQueue.m; sourceTree = "<group>"; };
		54645B9F139398C70096466C /* ASIProgressDelegate.h */ = {isa = PBXFileReference; fileEncoding = 4; lastKnownFileType = sourcecode.c.h; name = ASIProgressDelegate.h; path = External/ASIHttpRequest/Classes/ASIProgressDelegate.h; sourceTree = "<group>"; };
		54645BAB139399150096466C /* SystemConfiguration.framework */ = {isa = PBXFileReference; lastKnownFileType = wrapper.framework; name = SystemConfiguration.framework; path = System/Library/Frameworks/SystemConfiguration.framework; sourceTree = SDKROOT; };
		54645BAD139399210096466C /* Quartz.framework */ = {isa = PBXFileReference; lastKnownFileType = wrapper.framework; name = Quartz.framework; path = System/Library/Frameworks/Quartz.framework; sourceTree = SDKROOT; };
		54645BAE139399210096466C /* QuartzCore.framework */ = {isa = PBXFileReference; lastKnownFileType = wrapper.framework; name = QuartzCore.framework; path = System/Library/Frameworks/QuartzCore.framework; sourceTree = SDKROOT; };
		54645BB11393992A0096466C /* libz.dylib */ = {isa = PBXFileReference; lastKnownFileType = "compiled.mach-o.dylib"; name = libz.dylib; path = usr/lib/libz.dylib; sourceTree = SDKROOT; };
		54645BB3139399540096466C /* CoreServices.framework */ = {isa = PBXFileReference; lastKnownFileType = wrapper.framework; name = CoreServices.framework; path = System/Library/Frameworks/CoreServices.framework; sourceTree = SDKROOT; };
		54645BBF13939AFD0096466C /* AppStoreApiTests.h */ = {isa = PBXFileReference; fileEncoding = 4; lastKnownFileType = sourcecode.c.h; path = AppStoreApiTests.h; sourceTree = "<group>"; };
		54645BC013939AFD0096466C /* AppStoreApiTests.m */ = {isa = PBXFileReference; fileEncoding = 4; lastKnownFileType = sourcecode.c.objc; path = AppStoreApiTests.m; sourceTree = "<group>"; };
		54645BC313939EBB0096466C /* SystemConfiguration.framework */ = {isa = PBXFileReference; lastKnownFileType = wrapper.framework; name = SystemConfiguration.framework; path = System/Library/Frameworks/SystemConfiguration.framework; sourceTree = SDKROOT; };
		54645BC513939EC40096466C /* Quartz.framework */ = {isa = PBXFileReference; lastKnownFileType = wrapper.framework; name = Quartz.framework; path = System/Library/Frameworks/Quartz.framework; sourceTree = SDKROOT; };
		54645BC613939EC40096466C /* QuartzCore.framework */ = {isa = PBXFileReference; lastKnownFileType = wrapper.framework; name = QuartzCore.framework; path = System/Library/Frameworks/QuartzCore.framework; sourceTree = SDKROOT; };
		54645BC913939EFA0096466C /* libz.dylib */ = {isa = PBXFileReference; lastKnownFileType = "compiled.mach-o.dylib"; name = libz.dylib; path = usr/lib/libz.dylib; sourceTree = SDKROOT; };
		549FFC0A1394EBE8003321C5 /* AppSearchResultItem.xib */ = {isa = PBXFileReference; fileEncoding = 4; lastKnownFileType = file.xib; path = AppSearchResultItem.xib; sourceTree = "<group>"; };
		549FFC0D1394EC89003321C5 /* AppSearchResultItem.h */ = {isa = PBXFileReference; fileEncoding = 4; lastKnownFileType = sourcecode.c.h; name = AppSearchResultItem.h; path = Views/AppSearchResultItem.h; sourceTree = "<group>"; };
		549FFC0E1394EC89003321C5 /* AppSearchResultItem.m */ = {isa = PBXFileReference; fileEncoding = 4; lastKnownFileType = sourcecode.c.objc; name = AppSearchResultItem.m; path = Views/AppSearchResultItem.m; sourceTree = "<group>"; };
		549FFC101394EE1F003321C5 /* AppSearchHeaderItem.xib */ = {isa = PBXFileReference; fileEncoding = 4; lastKnownFileType = file.xib; path = AppSearchHeaderItem.xib; sourceTree = "<group>"; };
		549FFC121394EE30003321C5 /* AppSearchHeaderItem.h */ = {isa = PBXFileReference; fileEncoding = 4; lastKnownFileType = sourcecode.c.h; path = AppSearchHeaderItem.h; sourceTree = "<group>"; };
		549FFC131394EE30003321C5 /* AppSearchHeaderItem.m */ = {isa = PBXFileReference; fileEncoding = 4; lastKnownFileType = sourcecode.c.objc; path = AppSearchHeaderItem.m; sourceTree = "<group>"; };
		549FFC151394F849003321C5 /* AppUpdateViewController.h */ = {isa = PBXFileReference; fileEncoding = 4; lastKnownFileType = sourcecode.c.h; name = AppUpdateViewController.h; path = Controllers/AppUpdateViewController.h; sourceTree = "<group>"; };
		549FFC161394F849003321C5 /* AppUpdateViewController.m */ = {isa = PBXFileReference; fileEncoding = 4; lastKnownFileType = sourcecode.c.objc; name = AppUpdateViewController.m; path = Controllers/AppUpdateViewController.m; sourceTree = "<group>"; };
		549FFC181394FAC5003321C5 /* LoadingViewItem.xib */ = {isa = PBXFileReference; fileEncoding = 4; lastKnownFileType = file.xib; name = LoadingViewItem.xib; path = Views/LoadingViewItem.xib; sourceTree = "<group>"; };
		549FFC1A1394FAFA003321C5 /* LoadingViewItem.h */ = {isa = PBXFileReference; fileEncoding = 4; lastKnownFileType = sourcecode.c.h; name = LoadingViewItem.h; path = Views/LoadingViewItem.h; sourceTree = "<group>"; };
		549FFC1B1394FAFA003321C5 /* LoadingViewItem.m */ = {isa = PBXFileReference; fileEncoding = 4; lastKnownFileType = sourcecode.c.objc; name = LoadingViewItem.m; path = Views/LoadingViewItem.m; sourceTree = "<group>"; };
		549FFC1D1394FDC2003321C5 /* AppReviewViewCell.xib */ = {isa = PBXFileReference; fileEncoding = 4; lastKnownFileType = file.xib; name = AppReviewViewCell.xib; path = Views/AppReviewViewCell.xib; sourceTree = "<group>"; };
		549FFC1F1394FF98003321C5 /* AppReviewViewCell.h */ = {isa = PBXFileReference; fileEncoding = 4; lastKnownFileType = sourcecode.c.h; path = AppReviewViewCell.h; sourceTree = "<group>"; };
		549FFC201394FF99003321C5 /* AppReviewViewCell.m */ = {isa = PBXFileReference; fileEncoding = 4; lastKnownFileType = sourcecode.c.objc; path = AppReviewViewCell.m; sourceTree = "<group>"; };
		54B7C6FD1393A8A300AE8EDD /* angry.plist */ = {isa = PBXFileReference; lastKnownFileType = text.plist; path = angry.plist; sourceTree = "<group>"; };
		54B7C70A1393B75B00AE8EDD /* RegexKitLite.h */ = {isa = PBXFileReference; fileEncoding = 4; lastKnownFileType = sourcecode.c.h; path = RegexKitLite.h; sourceTree = "<group>"; };
		54B7C70C1393B75B00AE8EDD /* RegexKitLite.m */ = {isa = PBXFileReference; fileEncoding = 4; lastKnownFileType = sourcecode.c.objc; path = RegexKitLite.m; sourceTree = "<group>"; };
		54B7C7171393B7D600AE8EDD /* libicucore.dylib */ = {isa = PBXFileReference; lastKnownFileType = "compiled.mach-o.dylib"; name = libicucore.dylib; path = usr/lib/libicucore.dylib; sourceTree = SDKROOT; };
		54CC03431393DCCE00F6DA6B /* XPathQuery.h */ = {isa = PBXFileReference; fileEncoding = 4; lastKnownFileType = sourcecode.c.h; path = XPathQuery.h; sourceTree = "<group>"; };
		54CC03441393DCCE00F6DA6B /* XPathQuery.m */ = {isa = PBXFileReference; fileEncoding = 4; lastKnownFileType = sourcecode.c.objc; path = XPathQuery.m; sourceTree = "<group>"; };
		54CC03541393DEC800F6DA6B /* libxml2.2.dylib */ = {isa = PBXFileReference; lastKnownFileType = "compiled.mach-o.dylib"; name = libxml2.2.dylib; path = usr/lib/libxml2.2.dylib; sourceTree = SDKROOT; };
		54F6505D1393CFA3005FF9B7 /* Store.h */ = {isa = PBXFileReference; fileEncoding = 4; lastKnownFileType = sourcecode.c.h; name = Store.h; path = Models/Store.h; sourceTree = "<group>"; };
		54F6505E1393CFA3005FF9B7 /* Store.m */ = {isa = PBXFileReference; fileEncoding = 4; lastKnownFileType = sourcecode.c.objc; name = Store.m; path = Models/Store.m; sourceTree = "<group>"; };
		54F7E47A1393F076007C8CCD /* AppMonMainController.h */ = {isa = PBXFileReference; fileEncoding = 4; lastKnownFileType = sourcecode.c.h; name = AppMonMainController.h; path = Controllers/AppMonMainController.h; sourceTree = "<group>"; };
		54F7E47B1393F076007C8CCD /* AppMonMainController.m */ = {isa = PBXFileReference; fileEncoding = 4; lastKnownFileType = sourcecode.c.objc; name = AppMonMainController.m; path = Controllers/AppMonMainController.m; sourceTree = "<group>"; };
		54F7E4801393F6E9007C8CCD /* SearchViewController.h */ = {isa = PBXFileReference; fileEncoding = 4; lastKnownFileType = sourcecode.c.h; name = SearchViewController.h; path = Controllers/SearchViewController.h; sourceTree = "<group>"; };
		54F7E4811393F6E9007C8CCD /* SearchViewController.m */ = {isa = PBXFileReference; fileEncoding = 4; lastKnownFileType = sourcecode.c.objc; name = SearchViewController.m; path = Controllers/SearchViewController.m; sourceTree = "<group>"; };
		54FBE26B139523520069A2C0 /* NS(Attributed)String+Geometrics.h */ = {isa = PBXFileReference; fileEncoding = 4; lastKnownFileType = sourcecode.c.h; path = "NS(Attributed)String+Geometrics.h"; sourceTree = "<group>"; };
		54FBE26C139523520069A2C0 /* NS(Attributed)String+Geometrics.m */ = {isa = PBXFileReference; fileEncoding = 4; lastKnownFileType = sourcecode.c.objc; path = "NS(Attributed)String+Geometrics.m"; sourceTree = "<group>"; };
/* End PBXFileReference section */

/* Begin PBXFrameworksBuildPhase section */
		546458B3139391C20096466C /* Frameworks */ = {
			isa = PBXFrameworksBuildPhase;
			buildActionMask = 2147483647;
			files = (
				54CC03551393DEC800F6DA6B /* libxml2.2.dylib in Frameworks */,
				54B7C7181393B7D600AE8EDD /* libicucore.dylib in Frameworks */,
				54645BB21393992A0096466C /* libz.dylib in Frameworks */,
				54645BAF139399210096466C /* Quartz.framework in Frameworks */,
				54645BB4139399540096466C /* CoreServices.framework in Frameworks */,
				54645BB0139399210096466C /* QuartzCore.framework in Frameworks */,
				54645BAC139399150096466C /* SystemConfiguration.framework in Frameworks */,
				546458BB139391C20096466C /* Cocoa.framework in Frameworks */,
			);
			runOnlyForDeploymentPostprocessing = 0;
		};
		546458D3139391C40096466C /* Frameworks */ = {
			isa = PBXFrameworksBuildPhase;
			buildActionMask = 2147483647;
			files = (
				54645BCA13939EFA0096466C /* libz.dylib in Frameworks */,
				54645BC713939EC40096466C /* Quartz.framework in Frameworks */,
				54645BC813939EC40096466C /* QuartzCore.framework in Frameworks */,
				54645BC413939EBC0096466C /* SystemConfiguration.framework in Frameworks */,
				546458D8139391C40096466C /* Cocoa.framework in Frameworks */,
			);
			runOnlyForDeploymentPostprocessing = 0;
		};
/* End PBXFrameworksBuildPhase section */

/* Begin PBXGroup section */
		5422F21B1394E39C0044E982 /* JAListView */ = {
			isa = PBXGroup;
			children = (
				5422F2E41394E39D0044E982 /* JAEdgeInsets.h */,
				5422F2E61394E39D0044E982 /* JAListView.h */,
				5422F2E71394E39D0044E982 /* JAListView.m */,
				5422F2EB1394E39D0044E982 /* JAListView_Prefix.pch */,
				5422F2EE1394E39D0044E982 /* JAListViewItem.h */,
				5422F2EF1394E39D0044E982 /* JAListViewItem.m */,
				5422F2F01394E39D0044E982 /* JAObjectListView.h */,
				5422F2F11394E39D0044E982 /* JAObjectListView.m */,
				5422F2F21394E39D0044E982 /* JAObjectListViewItem.h */,
				5422F2F31394E39D0044E982 /* JAObjectListViewItem.m */,
				5422F2F41394E39D0044E982 /* JASectionedListView.h */,
				5422F2F51394E39D0044E982 /* JASectionedListView.m */,
				5422F2F71394E39D0044E982 /* NSIndexPath+JAListViewExtensions.h */,
				5422F2F81394E39D0044E982 /* NSIndexPath+JAListViewExtensions.m */,
			);
			name = JAListView;
			path = External/JAListView;
			sourceTree = "<group>";
		};
		542698F8139487FD0052EE8E /* Views */ = {
			isa = PBXGroup;
			children = (
				546458CF139391C30096466C /* MainMenu.xib */,
				542699601394C5930052EE8E /* AppListViewCell.h */,
				542699611394C5930052EE8E /* AppListViewCell.m */,
				542699631394C5A80052EE8E /* AppListViewCell.xib */,
				549FFC0D1394EC89003321C5 /* AppSearchResultItem.h */,
				549FFC0E1394EC89003321C5 /* AppSearchResultItem.m */,
				549FFC0A1394EBE8003321C5 /* AppSearchResultItem.xib */,
				549FFC121394EE30003321C5 /* AppSearchHeaderItem.h */,
				549FFC131394EE30003321C5 /* AppSearchHeaderItem.m */,
				549FFC101394EE1F003321C5 /* AppSearchHeaderItem.xib */,
				549FFC1A1394FAFA003321C5 /* LoadingViewItem.h */,
				549FFC1B1394FAFA003321C5 /* LoadingViewItem.m */,
				549FFC181394FAC5003321C5 /* LoadingViewItem.xib */,
				549FFC1F1394FF98003321C5 /* AppReviewViewCell.h */,
				549FFC201394FF99003321C5 /* AppReviewViewCell.m */,
				549FFC1D1394FDC2003321C5 /* AppReviewViewCell.xib */,
			);
			name = Views;
			sourceTree = "<group>";
		};
		542698FF13948CDE0052EE8E /* SDWebImage */ = {
			isa = PBXGroup;
			children = (
				5426992613948CDE0052EE8E /* SDImageCache.h */,
				5426992713948CDE0052EE8E /* SDImageCache.m */,
				5426992813948CDE0052EE8E /* SDImageCacheDelegate.h */,
				5426992913948CDE0052EE8E /* SDWebImageCompat.h */,
				5426992A13948CDE0052EE8E /* SDWebImageDownloader.h */,
				5426992B13948CDE0052EE8E /* SDWebImageDownloader.m */,
				5426992C13948CDE0052EE8E /* SDWebImageDownloaderDelegate.h */,
				5426992D13948CDE0052EE8E /* SDWebImageManager.h */,
				5426992E13948CDE0052EE8E /* SDWebImageManager.m */,
				5426992F13948CDE0052EE8E /* SDWebImageManagerDelegate.h */,
				5426993013948CDE0052EE8E /* UIImageView+WebCache.h */,
				5426993113948CDE0052EE8E /* UIImageView+WebCache.m */,
			);
			name = SDWebImage;
			path = External/SDWebImage;
			sourceTree = "<group>";
		};
		5426994E13948E170052EE8E /* Resources */ = {
			isa = PBXGroup;
			children = (
				5426994F13948E670052EE8E /* app_default.png */,
			);
			name = Resources;
			sourceTree = "<group>";
		};
		546458AB139391C10096466C = {
			isa = PBXGroup;
			children = (
				546458C0139391C30096466C /* AppMon */,
				546458DB139391C40096466C /* AppMonTests */,
				546458B9139391C20096466C /* Frameworks */,
				546458B7139391C20096466C /* Products */,
			);
			sourceTree = "<group>";
		};
		546458B7139391C20096466C /* Products */ = {
			isa = PBXGroup;
			children = (
				546458B6139391C20096466C /* AppMon.app */,
				546458D7139391C40096466C /* AppMonTests.octest */,
			);
			name = Products;
			sourceTree = "<group>";
		};
		546458B9139391C20096466C /* Frameworks */ = {
			isa = PBXGroup;
			children = (
				54CC03541393DEC800F6DA6B /* libxml2.2.dylib */,
				54B7C7171393B7D600AE8EDD /* libicucore.dylib */,
				54645BC913939EFA0096466C /* libz.dylib */,
				54645BB11393992A0096466C /* libz.dylib */,
				54645BC513939EC40096466C /* Quartz.framework */,
				54645BC613939EC40096466C /* QuartzCore.framework */,
				54645BC313939EBB0096466C /* SystemConfiguration.framework */,
				54645BB3139399540096466C /* CoreServices.framework */,
				54645BAD139399210096466C /* Quartz.framework */,
				54645BAE139399210096466C /* QuartzCore.framework */,
				54645BAB139399150096466C /* SystemConfiguration.framework */,
				546458BA139391C20096466C /* Cocoa.framework */,
				546458BC139391C30096466C /* Other Frameworks */,
			);
			name = Frameworks;
			sourceTree = "<group>";
		};
		546458BC139391C30096466C /* Other Frameworks */ = {
			isa = PBXGroup;
			children = (
				546458BD139391C30096466C /* AppKit.framework */,
				546458BE139391C30096466C /* CoreData.framework */,
				546458BF139391C30096466C /* Foundation.framework */,
			);
			name = "Other Frameworks";
			sourceTree = "<group>";
		};
		546458C0139391C30096466C /* AppMon */ = {
			isa = PBXGroup;
			children = (
				5426994E13948E170052EE8E /* Resources */,
				546458C1139391C30096466C /* Supporting Files */,
				546458EE1393932F0096466C /* External */,
				54645B81139394800096466C /* Models */,
				54F7E48513940335007C8CCD /* Controllers */,
				542698F8139487FD0052EE8E /* Views */,
				546458CC139391C30096466C /* AppMonAppDelegate.h */,
				546458CD139391C30096466C /* AppMonAppDelegate.m */,
			);
			path = AppMon;
			sourceTree = "<group>";
		};
		546458C1139391C30096466C /* Supporting Files */ = {
			isa = PBXGroup;
			children = (
				546458C2139391C30096466C /* AppMon-Info.plist */,
				546458C3139391C30096466C /* InfoPlist.strings */,
				546458C6139391C30096466C /* AppMon-Prefix.pch */,
				546458C7139391C30096466C /* main.m */,
				546458C9139391C30096466C /* Credits.rtf */,
			);
			name = "Supporting Files";
			sourceTree = "<group>";
		};
		546458DB139391C40096466C /* AppMonTests */ = {
			isa = PBXGroup;
			children = (
				546458DC139391C40096466C /* Supporting Files */,
				54B7C6FB1393A87800AE8EDD /* Fixtures */,
				54645BBF13939AFD0096466C /* AppStoreApiTests.h */,
				54645BC013939AFD0096466C /* AppStoreApiTests.m */,
				54269958139497ED0052EE8E /* AppTests.h */,
				54269959139497ED0052EE8E /* AppTests.m */,
			);
			path = AppMonTests;
			sourceTree = "<group>";
		};
		546458DC139391C40096466C /* Supporting Files */ = {
			isa = PBXGroup;
			children = (
				546458DD139391C40096466C /* AppMonTests-Info.plist */,
				546458DE139391C40096466C /* InfoPlist.strings */,
				546458E1139391C40096466C /* AppMonTests-Prefix.pch */,
			);
			name = "Supporting Files";
			sourceTree = "<group>";
		};
		546458EE1393932F0096466C /* External */ = {
			isa = PBXGroup;
			children = (
				54FBE264139523520069A2C0 /* NS(Attributed)String+Geometrics */,
				5422F21B1394E39C0044E982 /* JAListView */,
				542698FF13948CDE0052EE8E /* SDWebImage */,
				54CC03421393DCCE00F6DA6B /* XPathQuery */,
				54B7C6FF1393B75B00AE8EDD /* RegexKitLite */,
				54645B8B139398B00096466C /* ASIHttpRequest */,
				5464593B139393440096466C /* ESScrollView */,
				5464597D139393440096466C /* INAppStoreWindow */,
			);
			name = External;
			sourceTree = "<group>";
		};
		5464593B139393440096466C /* ESScrollView */ = {
			isa = PBXGroup;
			children = (
				54645978139393440096466C /* ESiTunesScroller.h */,
				54645979139393440096466C /* ESiTunesScroller.m */,
				5464597A139393440096466C /* ESScrollView.h */,
				5464597B139393440096466C /* ESScrollView.m */,
			);
			name = ESScrollView;
			path = External/ESScrollView;
			sourceTree = "<group>";
		};
		5464597D139393440096466C /* INAppStoreWindow */ = {
			isa = PBXGroup;
			children = (
				54645A34139393440096466C /* INAppStoreWindow.h */,
				54645A35139393440096466C /* INAppStoreWindow.m */,
			);
			name = INAppStoreWindow;
			path = External/INAppStoreWindow;
			sourceTree = "<group>";
		};
		54645B81139394800096466C /* Models */ = {
			isa = PBXGroup;
			children = (
				54645B82139394A00096466C /* AppStoreApi.h */,
				54645B83139394A00096466C /* AppStoreApi.m */,
				54269951139496110052EE8E /* AppService.h */,
				54269952139496110052EE8E /* AppService.m */,
				54645B85139394AF0096466C /* App.h */,
				54645B86139394AF0096466C /* App.m */,
				54645B88139394B80096466C /* Review.h */,
				54645B89139394B80096466C /* Review.m */,
				54F6505D1393CFA3005FF9B7 /* Store.h */,
				54F6505E1393CFA3005FF9B7 /* Store.m */,
			);
			name = Models;
			sourceTree = "<group>";
		};
		54645B8B139398B00096466C /* ASIHttpRequest */ = {
			isa = PBXGroup;
			children = (
				54645B8E139398C70096466C /* ASICacheDelegate.h */,
				54645B8F139398C70096466C /* ASIDataCompressor.h */,
				54645B90139398C70096466C /* ASIDataCompressor.m */,
				54645B91139398C70096466C /* ASIDataDecompressor.h */,
				54645B92139398C70096466C /* ASIDataDecompressor.m */,
				54645B93139398C70096466C /* ASIDownloadCache.h */,
				54645B94139398C70096466C /* ASIDownloadCache.m */,
				54645B95139398C70096466C /* ASIFormDataRequest.h */,
				54645B96139398C70096466C /* ASIFormDataRequest.m */,
				54645B97139398C70096466C /* ASIHTTPRequest.h */,
				54645B98139398C70096466C /* ASIHTTPRequest.m */,
				54645B99139398C70096466C /* ASIHTTPRequestConfig.h */,
				54645B9A139398C70096466C /* ASIHTTPRequestDelegate.h */,
				54645B9B139398C70096466C /* ASIInputStream.h */,
				54645B9C139398C70096466C /* ASIInputStream.m */,
				54645B9D139398C70096466C /* ASINetworkQueue.h */,
				54645B9E139398C70096466C /* ASINetworkQueue.m */,
				54645B9F139398C70096466C /* ASIProgressDelegate.h */,
			);
			name = ASIHttpRequest;
			sourceTree = "<group>";
		};
		54B7C6FB1393A87800AE8EDD /* Fixtures */ = {
			isa = PBXGroup;
			children = (
				54B7C6FD1393A8A300AE8EDD /* angry.plist */,
			);
			name = Fixtures;
			sourceTree = "<group>";
		};
		54B7C6FF1393B75B00AE8EDD /* RegexKitLite */ = {
			isa = PBXGroup;
			children = (
				54B7C70A1393B75B00AE8EDD /* RegexKitLite.h */,
				54B7C70C1393B75B00AE8EDD /* RegexKitLite.m */,
			);
			name = RegexKitLite;
			path = External/RegexKitLite;
			sourceTree = "<group>";
		};
		54CC03421393DCCE00F6DA6B /* XPathQuery */ = {
			isa = PBXGroup;
			children = (
				54CC03431393DCCE00F6DA6B /* XPathQuery.h */,
				54CC03441393DCCE00F6DA6B /* XPathQuery.m */,
			);
			name = XPathQuery;
			path = External/XPathQuery;
			sourceTree = "<group>";
		};
		54F7E48513940335007C8CCD /* Controllers */ = {
			isa = PBXGroup;
			children = (
				54F7E47A1393F076007C8CCD /* AppMonMainController.h */,
				54F7E47B1393F076007C8CCD /* AppMonMainController.m */,
				54F7E4801393F6E9007C8CCD /* SearchViewController.h */,
				54F7E4811393F6E9007C8CCD /* SearchViewController.m */,
				5426995B1394C2270052EE8E /* AppListViewController.h */,
				5426995C1394C2270052EE8E /* AppListViewController.m */,
				549FFC151394F849003321C5 /* AppUpdateViewController.h */,
				549FFC161394F849003321C5 /* AppUpdateViewController.m */,
			);
			name = Controllers;
			sourceTree = "<group>";
		};
		54FBE264139523520069A2C0 /* NS(Attributed)String+Geometrics */ = {
			isa = PBXGroup;
			children = (
				54FBE26B139523520069A2C0 /* NS(Attributed)String+Geometrics.h */,
				54FBE26C139523520069A2C0 /* NS(Attributed)String+Geometrics.m */,
			);
			name = "NS(Attributed)String+Geometrics";
			path = "External/NS(Attributed)String+Geometrics";
			sourceTree = "<group>";
		};
/* End PBXGroup section */

/* Begin PBXNativeTarget section */
		546458B5139391C20096466C /* AppMon */ = {
			isa = PBXNativeTarget;
			buildConfigurationList = 546458E8139391C40096466C /* Build configuration list for PBXNativeTarget "AppMon" */;
			buildPhases = (
				546458B2139391C20096466C /* Sources */,
				546458B3139391C20096466C /* Frameworks */,
				546458B4139391C20096466C /* Resources */,
			);
			buildRules = (
			);
			dependencies = (
			);
			name = AppMon;
			productName = AppMon;
			productReference = 546458B6139391C20096466C /* AppMon.app */;
			productType = "com.apple.product-type.application";
		};
		546458D6139391C40096466C /* AppMonTests */ = {
			isa = PBXNativeTarget;
			buildConfigurationList = 546458EB139391C50096466C /* Build configuration list for PBXNativeTarget "AppMonTests" */;
			buildPhases = (
				546458D2139391C40096466C /* Sources */,
				546458D3139391C40096466C /* Frameworks */,
				546458D4139391C40096466C /* Resources */,
				546458D5139391C40096466C /* ShellScript */,
			);
			buildRules = (
			);
			dependencies = (
				546458DA139391C40096466C /* PBXTargetDependency */,
			);
			name = AppMonTests;
			productName = AppMonTests;
			productReference = 546458D7139391C40096466C /* AppMonTests.octest */;
			productType = "com.apple.product-type.bundle";
		};
/* End PBXNativeTarget section */

/* Begin PBXProject section */
		546458AD139391C10096466C /* Project object */ = {
			isa = PBXProject;
			attributes = {
				ORGANIZATIONNAME = "Ignition Soft Limited";
			};
			buildConfigurationList = 546458B0139391C10096466C /* Build configuration list for PBXProject "AppMon" */;
			compatibilityVersion = "Xcode 3.2";
			developmentRegion = English;
			hasScannedForEncodings = 0;
			knownRegions = (
				en,
				English,
			);
			mainGroup = 546458AB139391C10096466C;
			productRefGroup = 546458B7139391C20096466C /* Products */;
			projectDirPath = "";
			projectRoot = "";
			targets = (
				546458B5139391C20096466C /* AppMon */,
				546458D6139391C40096466C /* AppMonTests */,
			);
		};
/* End PBXProject section */

/* Begin PBXResourcesBuildPhase section */
		546458B4139391C20096466C /* Resources */ = {
			isa = PBXResourcesBuildPhase;
			buildActionMask = 2147483647;
			files = (
				546458C5139391C30096466C /* InfoPlist.strings in Resources */,
				546458CB139391C30096466C /* Credits.rtf in Resources */,
				546458D1139391C30096466C /* MainMenu.xib in Resources */,
				54B7C6FE1393A8A300AE8EDD /* angry.plist in Resources */,
				5426995013948E670052EE8E /* app_default.png in Resources */,
				542699641394C5A80052EE8E /* AppListViewCell.xib in Resources */,
				549FFC0B1394EBE8003321C5 /* AppSearchResultItem.xib in Resources */,
				549FFC111394EE20003321C5 /* AppSearchHeaderItem.xib in Resources */,
				549FFC191394FAC6003321C5 /* LoadingViewItem.xib in Resources */,
				549FFC1E1394FDC3003321C5 /* AppReviewViewCell.xib in Resources */,
			);
			runOnlyForDeploymentPostprocessing = 0;
		};
		546458D4139391C40096466C /* Resources */ = {
			isa = PBXResourcesBuildPhase;
			buildActionMask = 2147483647;
			files = (
				546458E0139391C40096466C /* InfoPlist.strings in Resources */,
			);
			runOnlyForDeploymentPostprocessing = 0;
		};
/* End PBXResourcesBuildPhase section */

/* Begin PBXShellScriptBuildPhase section */
		546458D5139391C40096466C /* ShellScript */ = {
			isa = PBXShellScriptBuildPhase;
			buildActionMask = 2147483647;
			files = (
			);
			inputPaths = (
			);
			outputPaths = (
			);
			runOnlyForDeploymentPostprocessing = 0;
			shellPath = /bin/sh;
			shellScript = "# Run the unit tests in this test bundle.\n\"${SYSTEM_DEVELOPER_DIR}/Tools/RunUnitTests\"\n";
		};
/* End PBXShellScriptBuildPhase section */

/* Begin PBXSourcesBuildPhase section */
		546458B2139391C20096466C /* Sources */ = {
			isa = PBXSourcesBuildPhase;
			buildActionMask = 2147483647;
			files = (
				546458C8139391C30096466C /* main.m in Sources */,
				546458CE139391C30096466C /* AppMonAppDelegate.m in Sources */,
				54645AE5139393450096466C /* ESiTunesScroller.m in Sources */,
				54645AE6139393450096466C /* ESScrollView.m in Sources */,
				54645B4A139393450096466C /* INAppStoreWindow.m in Sources */,
				54645B84139394A00096466C /* AppStoreApi.m in Sources */,
				54645B87139394AF0096466C /* App.m in Sources */,
				54645B8A139394B80096466C /* Review.m in Sources */,
				54645BA1139398C70096466C /* ASIDataCompressor.m in Sources */,
				54645BA2139398C70096466C /* ASIDataDecompressor.m in Sources */,
				54645BA3139398C70096466C /* ASIDownloadCache.m in Sources */,
				54645BA4139398C70096466C /* ASIFormDataRequest.m in Sources */,
				54645BA5139398C70096466C /* ASIHTTPRequest.m in Sources */,
				54645BA6139398C70096466C /* ASIInputStream.m in Sources */,
				54645BA7139398C70096466C /* ASINetworkQueue.m in Sources */,
				54B7C7161393B75B00AE8EDD /* RegexKitLite.m in Sources */,
				54F6505F1393CFA3005FF9B7 /* Store.m in Sources */,
				54CC03451393DCCE00F6DA6B /* XPathQuery.m in Sources */,
				54F7E47D1393F077007C8CCD /* AppMonMainController.m in Sources */,
				54F7E4831393F6EA007C8CCD /* SearchViewController.m in Sources */,
				5426994A13948CDE0052EE8E /* SDImageCache.m in Sources */,
				5426994B13948CDE0052EE8E /* SDWebImageDownloader.m in Sources */,
				5426994C13948CDE0052EE8E /* SDWebImageManager.m in Sources */,
				5426994D13948CDE0052EE8E /* UIImageView+WebCache.m in Sources */,
				54269953139496110052EE8E /* AppService.m in Sources */,
				5426995E1394C2280052EE8E /* AppListViewController.m in Sources */,
				542699621394C5930052EE8E /* AppListViewCell.m in Sources */,
				5422F36B1394E39D0044E982 /* JAListView.m in Sources */,
				5422F36D1394E39D0044E982 /* JAListViewItem.m in Sources */,
				5422F36E1394E39D0044E982 /* JAObjectListView.m in Sources */,
				5422F36F1394E39D0044E982 /* JAObjectListViewItem.m in Sources */,
				5422F3701394E39D0044E982 /* JASectionedListView.m in Sources */,
				5422F3721394E39D0044E982 /* NSIndexPath+JAListViewExtensions.m in Sources */,
				549FFC0F1394EC89003321C5 /* AppSearchResultItem.m in Sources */,
				549FFC141394EE30003321C5 /* AppSearchHeaderItem.m in Sources */,
				549FFC171394F849003321C5 /* AppUpdateViewController.m in Sources */,
				549FFC1C1394FAFB003321C5 /* LoadingViewItem.m in Sources */,
				549FFC211394FF99003321C5 /* AppReviewViewCell.m in Sources */,
				54FBE27D139523520069A2C0 /* NS(Attributed)String+Geometrics.m in Sources */,
			);
			runOnlyForDeploymentPostprocessing = 0;
		};
		546458D2139391C40096466C /* Sources */ = {
			isa = PBXSourcesBuildPhase;
			buildActionMask = 2147483647;
			files = (
				54645BC213939D2A0096466C /* AppStoreApiTests.m in Sources */,
				5426995A139497ED0052EE8E /* AppTests.m in Sources */,
			);
			runOnlyForDeploymentPostprocessing = 0;
		};
/* End PBXSourcesBuildPhase section */

/* Begin PBXTargetDependency section */
		546458DA139391C40096466C /* PBXTargetDependency */ = {
			isa = PBXTargetDependency;
			target = 546458B5139391C20096466C /* AppMon */;
			targetProxy = 546458D9139391C40096466C /* PBXContainerItemProxy */;
		};
/* End PBXTargetDependency section */

/* Begin PBXVariantGroup section */
		546458C3139391C30096466C /* InfoPlist.strings */ = {
			isa = PBXVariantGroup;
			children = (
				546458C4139391C30096466C /* en */,
			);
			name = InfoPlist.strings;
			sourceTree = "<group>";
		};
		546458C9139391C30096466C /* Credits.rtf */ = {
			isa = PBXVariantGroup;
			children = (
				546458CA139391C30096466C /* en */,
			);
			name = Credits.rtf;
			sourceTree = "<group>";
		};
		546458CF139391C30096466C /* MainMenu.xib */ = {
			isa = PBXVariantGroup;
			children = (
				546458D0139391C30096466C /* en */,
			);
			name = MainMenu.xib;
			sourceTree = "<group>";
		};
		546458DE139391C40096466C /* InfoPlist.strings */ = {
			isa = PBXVariantGroup;
			children = (
				546458DF139391C40096466C /* en */,
			);
			name = InfoPlist.strings;
			sourceTree = "<group>";
		};
/* End PBXVariantGroup section */

/* Begin XCBuildConfiguration section */
		546458E6139391C40096466C /* Debug */ = {
			isa = XCBuildConfiguration;
			buildSettings = {
				ARCHS = "$(ARCHS_STANDARD_32_64_BIT)";
				GCC_C_LANGUAGE_STANDARD = gnu99;
				GCC_OPTIMIZATION_LEVEL = 0;
				GCC_PREPROCESSOR_DEFINITIONS = DEBUG;
				GCC_SYMBOLS_PRIVATE_EXTERN = NO;
				GCC_VERSION = com.apple.compilers.llvm.clang.1_0;
				GCC_WARN_64_TO_32_BIT_CONVERSION = YES;
				GCC_WARN_ABOUT_RETURN_TYPE = YES;
				GCC_WARN_UNUSED_VARIABLE = YES;
				MACOSX_DEPLOYMENT_TARGET = 10.6;
				ONLY_ACTIVE_ARCH = YES;
				SDKROOT = macosx;
			};
			name = Debug;
		};
		546458E7139391C40096466C /* Release */ = {
			isa = XCBuildConfiguration;
			buildSettings = {
				ARCHS = "$(ARCHS_STANDARD_32_64_BIT)";
				GCC_C_LANGUAGE_STANDARD = gnu99;
				GCC_VERSION = com.apple.compilers.llvm.clang.1_0;
				GCC_WARN_64_TO_32_BIT_CONVERSION = YES;
				GCC_WARN_ABOUT_RETURN_TYPE = YES;
				GCC_WARN_UNUSED_VARIABLE = YES;
				MACOSX_DEPLOYMENT_TARGET = 10.6;
				SDKROOT = macosx;
			};
			name = Release;
		};
		546458E9139391C40096466C /* Debug */ = {
			isa = XCBuildConfiguration;
			buildSettings = {
				ALWAYS_SEARCH_USER_PATHS = NO;
				COPY_PHASE_STRIP = NO;
				GCC_DYNAMIC_NO_PIC = NO;
				GCC_ENABLE_OBJC_EXCEPTIONS = YES;
				GCC_PRECOMPILE_PREFIX_HEADER = YES;
				GCC_PREFIX_HEADER = "AppMon/AppMon-Prefix.pch";
				HEADER_SEARCH_PATHS = "$(SDKROOT)/usr/include/libxml2";
				INFOPLIST_FILE = "AppMon/AppMon-Info.plist";
				PRODUCT_NAME = "$(TARGET_NAME)";
				WRAPPER_EXTENSION = app;
			};
			name = Debug;
		};
		546458EA139391C40096466C /* Release */ = {
			isa = XCBuildConfiguration;
			buildSettings = {
				ALWAYS_SEARCH_USER_PATHS = NO;
				COPY_PHASE_STRIP = YES;
				DEBUG_INFORMATION_FORMAT = "dwarf-with-dsym";
				GCC_ENABLE_OBJC_EXCEPTIONS = YES;
				GCC_PRECOMPILE_PREFIX_HEADER = YES;
				GCC_PREFIX_HEADER = "AppMon/AppMon-Prefix.pch";
				HEADER_SEARCH_PATHS = "$(SDKROOT)/usr/include/libxml2";
				INFOPLIST_FILE = "AppMon/AppMon-Info.plist";
				PRODUCT_NAME = "$(TARGET_NAME)";
				WRAPPER_EXTENSION = app;
			};
			name = Release;
		};
		546458EC139391C50096466C /* Debug */ = {
			isa = XCBuildConfiguration;
			buildSettings = {
				ALWAYS_SEARCH_USER_PATHS = NO;
				BUNDLE_LOADER = "$(BUILT_PRODUCTS_DIR)/AppMon.app/Contents/MacOS/AppMon";
				COPY_PHASE_STRIP = NO;
				FRAMEWORK_SEARCH_PATHS = "$(DEVELOPER_LIBRARY_DIR)/Frameworks";
				GCC_DYNAMIC_NO_PIC = NO;
				GCC_ENABLE_OBJC_EXCEPTIONS = YES;
				GCC_PRECOMPILE_PREFIX_HEADER = YES;
				GCC_PREFIX_HEADER = "AppMonTests/AppMonTests-Prefix.pch";
				INFOPLIST_FILE = "AppMonTests/AppMonTests-Info.plist";
				OTHER_LDFLAGS = (
					"-framework",
					SenTestingKit,
				);
				PRODUCT_NAME = "$(TARGET_NAME)";
				TEST_HOST = "$(BUNDLE_LOADER)";
				WRAPPER_EXTENSION = octest;
			};
			name = Debug;
		};
		546458ED139391C50096466C /* Release */ = {
			isa = XCBuildConfiguration;
			buildSettings = {
				ALWAYS_SEARCH_USER_PATHS = NO;
				BUNDLE_LOADER = "$(BUILT_PRODUCTS_DIR)/AppMon.app/Contents/MacOS/AppMon";
				COPY_PHASE_STRIP = YES;
				DEBUG_INFORMATION_FORMAT = "dwarf-with-dsym";
				FRAMEWORK_SEARCH_PATHS = "$(DEVELOPER_LIBRARY_DIR)/Frameworks";
				GCC_ENABLE_OBJC_EXCEPTIONS = YES;
				GCC_PRECOMPILE_PREFIX_HEADER = YES;
				GCC_PREFIX_HEADER = "AppMonTests/AppMonTests-Prefix.pch";
				INFOPLIST_FILE = "AppMonTests/AppMonTests-Info.plist";
				OTHER_LDFLAGS = (
					"-framework",
					SenTestingKit,
				);
				PRODUCT_NAME = "$(TARGET_NAME)";
				TEST_HOST = "$(BUNDLE_LOADER)";
				WRAPPER_EXTENSION = octest;
			};
			name = Release;
		};
/* End XCBuildConfiguration section */

/* Begin XCConfigurationList section */
		546458B0139391C10096466C /* Build configuration list for PBXProject "AppMon" */ = {
			isa = XCConfigurationList;
			buildConfigurations = (
				546458E6139391C40096466C /* Debug */,
				546458E7139391C40096466C /* Release */,
			);
			defaultConfigurationIsVisible = 0;
			defaultConfigurationName = Release;
		};
		546458E8139391C40096466C /* Build configuration list for PBXNativeTarget "AppMon" */ = {
			isa = XCConfigurationList;
			buildConfigurations = (
				546458E9139391C40096466C /* Debug */,
				546458EA139391C40096466C /* Release */,
			);
			defaultConfigurationIsVisible = 0;
			defaultConfigurationName = Release;
		};
		546458EB139391C50096466C /* Build configuration list for PBXNativeTarget "AppMonTests" */ = {
			isa = XCConfigurationList;
			buildConfigurations = (
				546458EC139391C50096466C /* Debug */,
				546458ED139391C50096466C /* Release */,
			);
			defaultConfigurationIsVisible = 0;
			defaultConfigurationName = Release;
		};
/* End XCConfigurationList section */
	};
	rootObject = 546458AD139391C10096466C /* Project object */;
}
