// !$*UTF8*$!
{
	archiveVersion = 1;
	classes = {
	};
	objectVersion = 46;
	objects = {

/* Begin PBXBuildFile section */
		546458BB139391C20096466C /* Cocoa.framework in Frameworks */ = {isa = PBXBuildFile; fileRef = 546458BA139391C20096466C /* Cocoa.framework */; };
		546458C5139391C30096466C /* InfoPlist.strings in Resources */ = {isa = PBXBuildFile; fileRef = 546458C3139391C30096466C /* InfoPlist.strings */; };
		546458C8139391C30096466C /* main.m in Sources */ = {isa = PBXBuildFile; fileRef = 546458C7139391C30096466C /* main.m */; };
		546458CB139391C30096466C /* Credits.rtf in Resources */ = {isa = PBXBuildFile; fileRef = 546458C9139391C30096466C /* Credits.rtf */; };
		546458CE139391C30096466C /* AppMonAppDelegate.m in Sources */ = {isa = PBXBuildFile; fileRef = 546458CD139391C30096466C /* AppMonAppDelegate.m */; };
		546458D1139391C30096466C /* MainMenu.xib in Resources */ = {isa = PBXBuildFile; fileRef = 546458CF139391C30096466C /* MainMenu.xib */; };
		546458D8139391C40096466C /* Cocoa.framework in Frameworks */ = {isa = PBXBuildFile; fileRef = 546458BA139391C20096466C /* Cocoa.framework */; };
		546458E0139391C40096466C /* InfoPlist.strings in Resources */ = {isa = PBXBuildFile; fileRef = 546458DE139391C40096466C /* InfoPlist.strings */; };
		54645AB2139393450096466C /* BCCollectionView+Dragging.m in Sources */ = {isa = PBXBuildFile; fileRef = 54645916139393440096466C /* BCCollectionView+Dragging.m */; };
		54645AB3139393450096466C /* BCCollectionView+Keyboard.m in Sources */ = {isa = PBXBuildFile; fileRef = 54645918139393440096466C /* BCCollectionView+Keyboard.m */; };
		54645AB4139393450096466C /* BCCollectionView+Mouse.m in Sources */ = {isa = PBXBuildFile; fileRef = 5464591A139393440096466C /* BCCollectionView+Mouse.m */; };
		54645AB5139393450096466C /* BCCollectionView.m in Sources */ = {isa = PBXBuildFile; fileRef = 5464591C139393440096466C /* BCCollectionView.m */; };
		54645AB6139393450096466C /* BCCollectionViewGroup.m in Sources */ = {isa = PBXBuildFile; fileRef = 5464591F139393440096466C /* BCCollectionViewGroup.m */; };
		54645AB7139393450096466C /* BCCollectionViewLayoutItem.m in Sources */ = {isa = PBXBuildFile; fileRef = 54645921139393440096466C /* BCCollectionViewLayoutItem.m */; };
		54645AB8139393450096466C /* BCCollectionViewLayoutManager.m in Sources */ = {isa = PBXBuildFile; fileRef = 54645923139393440096466C /* BCCollectionViewLayoutManager.m */; };
		54645AB9139393450096466C /* BCCollectionViewLayoutOperation.m in Sources */ = {isa = PBXBuildFile; fileRef = 54645925139393440096466C /* BCCollectionViewLayoutOperation.m */; };
		54645AE5139393450096466C /* ESiTunesScroller.m in Sources */ = {isa = PBXBuildFile; fileRef = 54645979139393440096466C /* ESiTunesScroller.m */; };
		54645AE6139393450096466C /* ESScrollView.m in Sources */ = {isa = PBXBuildFile; fileRef = 5464597B139393440096466C /* ESScrollView.m */; };
		54645B4A139393450096466C /* INAppStoreWindow.m in Sources */ = {isa = PBXBuildFile; fileRef = 54645A35139393440096466C /* INAppStoreWindow.m */; };
		54645B6E139393450096466C /* PXListDocumentView.m in Sources */ = {isa = PBXBuildFile; fileRef = 54645A77139393440096466C /* PXListDocumentView.m */; };
		54645B6F139393450096466C /* PXListView+UserInteraction.m in Sources */ = {isa = PBXBuildFile; fileRef = 54645A7A139393440096466C /* PXListView+UserInteraction.m */; };
		54645B70139393450096466C /* PXListView.m in Sources */ = {isa = PBXBuildFile; fileRef = 54645A7C139393440096466C /* PXListView.m */; };
		54645B71139393450096466C /* PXListViewCell.m in Sources */ = {isa = PBXBuildFile; fileRef = 54645A7F139393440096466C /* PXListViewCell.m */; };
		54645B84139394A00096466C /* AppStoreApi.m in Sources */ = {isa = PBXBuildFile; fileRef = 54645B83139394A00096466C /* AppStoreApi.m */; };
		54645B87139394AF0096466C /* App.m in Sources */ = {isa = PBXBuildFile; fileRef = 54645B86139394AF0096466C /* App.m */; };
		54645B8A139394B80096466C /* Review.m in Sources */ = {isa = PBXBuildFile; fileRef = 54645B89139394B80096466C /* Review.m */; };
		54645BA1139398C70096466C /* ASIDataCompressor.m in Sources */ = {isa = PBXBuildFile; fileRef = 54645B90139398C70096466C /* ASIDataCompressor.m */; };
		54645BA2139398C70096466C /* ASIDataDecompressor.m in Sources */ = {isa = PBXBuildFile; fileRef = 54645B92139398C70096466C /* ASIDataDecompressor.m */; };
		54645BA3139398C70096466C /* ASIDownloadCache.m in Sources */ = {isa = PBXBuildFile; fileRef = 54645B94139398C70096466C /* ASIDownloadCache.m */; };
		54645BA4139398C70096466C /* ASIFormDataRequest.m in Sources */ = {isa = PBXBuildFile; fileRef = 54645B96139398C70096466C /* ASIFormDataRequest.m */; };
		54645BA5139398C70096466C /* ASIHTTPRequest.m in Sources */ = {isa = PBXBuildFile; fileRef = 54645B98139398C70096466C /* ASIHTTPRequest.m */; };
		54645BA6139398C70096466C /* ASIInputStream.m in Sources */ = {isa = PBXBuildFile; fileRef = 54645B9C139398C70096466C /* ASIInputStream.m */; };
		54645BA7139398C70096466C /* ASINetworkQueue.m in Sources */ = {isa = PBXBuildFile; fileRef = 54645B9E139398C70096466C /* ASINetworkQueue.m */; };
		54645BAC139399150096466C /* SystemConfiguration.framework in Frameworks */ = {isa = PBXBuildFile; fileRef = 54645BAB139399150096466C /* SystemConfiguration.framework */; };
		54645BAF139399210096466C /* Quartz.framework in Frameworks */ = {isa = PBXBuildFile; fileRef = 54645BAD139399210096466C /* Quartz.framework */; };
		54645BB0139399210096466C /* QuartzCore.framework in Frameworks */ = {isa = PBXBuildFile; fileRef = 54645BAE139399210096466C /* QuartzCore.framework */; };
		54645BB21393992A0096466C /* libz.dylib in Frameworks */ = {isa = PBXBuildFile; fileRef = 54645BB11393992A0096466C /* libz.dylib */; };
		54645BB4139399540096466C /* CoreServices.framework in Frameworks */ = {isa = PBXBuildFile; fileRef = 54645BB3139399540096466C /* CoreServices.framework */; };
		54645BC213939D2A0096466C /* AppStoreApiTests.m in Sources */ = {isa = PBXBuildFile; fileRef = 54645BC013939AFD0096466C /* AppStoreApiTests.m */; };
		54645BC413939EBC0096466C /* SystemConfiguration.framework in Frameworks */ = {isa = PBXBuildFile; fileRef = 54645BC313939EBB0096466C /* SystemConfiguration.framework */; };
		54645BC713939EC40096466C /* Quartz.framework in Frameworks */ = {isa = PBXBuildFile; fileRef = 54645BC513939EC40096466C /* Quartz.framework */; };
		54645BC813939EC40096466C /* QuartzCore.framework in Frameworks */ = {isa = PBXBuildFile; fileRef = 54645BC613939EC40096466C /* QuartzCore.framework */; };
		54645BCA13939EFA0096466C /* libz.dylib in Frameworks */ = {isa = PBXBuildFile; fileRef = 54645BC913939EFA0096466C /* libz.dylib */; };
		54B7C6FE1393A8A300AE8EDD /* angry.plist in Resources */ = {isa = PBXBuildFile; fileRef = 54B7C6FD1393A8A300AE8EDD /* angry.plist */; };
		54B7C7161393B75B00AE8EDD /* RegexKitLite.m in Sources */ = {isa = PBXBuildFile; fileRef = 54B7C70C1393B75B00AE8EDD /* RegexKitLite.m */; };
		54B7C7181393B7D600AE8EDD /* libicucore.dylib in Frameworks */ = {isa = PBXBuildFile; fileRef = 54B7C7171393B7D600AE8EDD /* libicucore.dylib */; };
		54CC03451393DCCE00F6DA6B /* XPathQuery.m in Sources */ = {isa = PBXBuildFile; fileRef = 54CC03441393DCCE00F6DA6B /* XPathQuery.m */; };
		54CC03551393DEC800F6DA6B /* libxml2.2.dylib in Frameworks */ = {isa = PBXBuildFile; fileRef = 54CC03541393DEC800F6DA6B /* libxml2.2.dylib */; };
		54F6505F1393CFA3005FF9B7 /* Store.m in Sources */ = {isa = PBXBuildFile; fileRef = 54F6505E1393CFA3005FF9B7 /* Store.m */; };
		54F7E47D1393F077007C8CCD /* AppMonMainController.m in Sources */ = {isa = PBXBuildFile; fileRef = 54F7E47B1393F076007C8CCD /* AppMonMainController.m */; };
/* End PBXBuildFile section */

/* Begin PBXContainerItemProxy section */
		546458D9139391C40096466C /* PBXContainerItemProxy */ = {
			isa = PBXContainerItemProxy;
			containerPortal = 546458AD139391C10096466C /* Project object */;
			proxyType = 1;
			remoteGlobalIDString = 546458B5139391C20096466C;
			remoteInfo = AppMon;
		};
/* End PBXContainerItemProxy section */

/* Begin PBXFileReference section */
		546458B6139391C20096466C /* AppMon.app */ = {isa = PBXFileReference; explicitFileType = wrapper.application; includeInIndex = 0; path = AppMon.app; sourceTree = BUILT_PRODUCTS_DIR; };
		546458BA139391C20096466C /* Cocoa.framework */ = {isa = PBXFileReference; lastKnownFileType = wrapper.framework; name = Cocoa.framework; path = System/Library/Frameworks/Cocoa.framework; sourceTree = SDKROOT; };
		546458BD139391C30096466C /* AppKit.framework */ = {isa = PBXFileReference; lastKnownFileType = wrapper.framework; name = AppKit.framework; path = System/Library/Frameworks/AppKit.framework; sourceTree = SDKROOT; };
		546458BE139391C30096466C /* CoreData.framework */ = {isa = PBXFileReference; lastKnownFileType = wrapper.framework; name = CoreData.framework; path = System/Library/Frameworks/CoreData.framework; sourceTree = SDKROOT; };
		546458BF139391C30096466C /* Foundation.framework */ = {isa = PBXFileReference; lastKnownFileType = wrapper.framework; name = Foundation.framework; path = System/Library/Frameworks/Foundation.framework; sourceTree = SDKROOT; };
		546458C2139391C30096466C /* AppMon-Info.plist */ = {isa = PBXFileReference; lastKnownFileType = text.plist.xml; path = "AppMon-Info.plist"; sourceTree = "<group>"; };
		546458C4139391C30096466C /* en */ = {isa = PBXFileReference; lastKnownFileType = text.plist.strings; name = en; path = en.lproj/InfoPlist.strings; sourceTree = "<group>"; };
		546458C6139391C30096466C /* AppMon-Prefix.pch */ = {isa = PBXFileReference; lastKnownFileType = sourcecode.c.h; path = "AppMon-Prefix.pch"; sourceTree = "<group>"; };
		546458C7139391C30096466C /* main.m */ = {isa = PBXFileReference; lastKnownFileType = sourcecode.c.objc; path = main.m; sourceTree = "<group>"; };
		546458CA139391C30096466C /* en */ = {isa = PBXFileReference; lastKnownFileType = text.rtf; name = en; path = en.lproj/Credits.rtf; sourceTree = "<group>"; };
		546458CC139391C30096466C /* AppMonAppDelegate.h */ = {isa = PBXFileReference; lastKnownFileType = sourcecode.c.h; path = AppMonAppDelegate.h; sourceTree = "<group>"; };
		546458CD139391C30096466C /* AppMonAppDelegate.m */ = {isa = PBXFileReference; lastKnownFileType = sourcecode.c.objc; path = AppMonAppDelegate.m; sourceTree = "<group>"; };
		546458D0139391C30096466C /* en */ = {isa = PBXFileReference; lastKnownFileType = file.xib; name = en; path = en.lproj/MainMenu.xib; sourceTree = "<group>"; };
		546458D7139391C40096466C /* AppMonTests.octest */ = {isa = PBXFileReference; explicitFileType = wrapper.cfbundle; includeInIndex = 0; path = AppMonTests.octest; sourceTree = BUILT_PRODUCTS_DIR; };
		546458DD139391C40096466C /* AppMonTests-Info.plist */ = {isa = PBXFileReference; lastKnownFileType = text.plist.xml; path = "AppMonTests-Info.plist"; sourceTree = "<group>"; };
		546458DF139391C40096466C /* en */ = {isa = PBXFileReference; lastKnownFileType = text.plist.strings; name = en; path = en.lproj/InfoPlist.strings; sourceTree = "<group>"; };
		546458E1139391C40096466C /* AppMonTests-Prefix.pch */ = {isa = PBXFileReference; lastKnownFileType = sourcecode.c.h; path = "AppMonTests-Prefix.pch"; sourceTree = "<group>"; };
		54645915139393440096466C /* BCCollectionView+Dragging.h */ = {isa = PBXFileReference; fileEncoding = 4; lastKnownFileType = sourcecode.c.h; path = "BCCollectionView+Dragging.h"; sourceTree = "<group>"; };
		54645916139393440096466C /* BCCollectionView+Dragging.m */ = {isa = PBXFileReference; fileEncoding = 4; lastKnownFileType = sourcecode.c.objc; path = "BCCollectionView+Dragging.m"; sourceTree = "<group>"; };
		54645917139393440096466C /* BCCollectionView+Keyboard.h */ = {isa = PBXFileReference; fileEncoding = 4; lastKnownFileType = sourcecode.c.h; path = "BCCollectionView+Keyboard.h"; sourceTree = "<group>"; };
		54645918139393440096466C /* BCCollectionView+Keyboard.m */ = {isa = PBXFileReference; fileEncoding = 4; lastKnownFileType = sourcecode.c.objc; path = "BCCollectionView+Keyboard.m"; sourceTree = "<group>"; };
		54645919139393440096466C /* BCCollectionView+Mouse.h */ = {isa = PBXFileReference; fileEncoding = 4; lastKnownFileType = sourcecode.c.h; path = "BCCollectionView+Mouse.h"; sourceTree = "<group>"; };
		5464591A139393440096466C /* BCCollectionView+Mouse.m */ = {isa = PBXFileReference; fileEncoding = 4; lastKnownFileType = sourcecode.c.objc; path = "BCCollectionView+Mouse.m"; sourceTree = "<group>"; };
		5464591B139393440096466C /* BCCollectionView.h */ = {isa = PBXFileReference; fileEncoding = 4; lastKnownFileType = sourcecode.c.h; path = BCCollectionView.h; sourceTree = "<group>"; };
		5464591C139393440096466C /* BCCollectionView.m */ = {isa = PBXFileReference; fileEncoding = 4; lastKnownFileType = sourcecode.c.objc; path = BCCollectionView.m; sourceTree = "<group>"; };
		5464591D139393440096466C /* BCCollectionViewDelegate.h */ = {isa = PBXFileReference; fileEncoding = 4; lastKnownFileType = sourcecode.c.h; path = BCCollectionViewDelegate.h; sourceTree = "<group>"; };
		5464591E139393440096466C /* BCCollectionViewGroup.h */ = {isa = PBXFileReference; fileEncoding = 4; lastKnownFileType = sourcecode.c.h; path = BCCollectionViewGroup.h; sourceTree = "<group>"; };
		5464591F139393440096466C /* BCCollectionViewGroup.m */ = {isa = PBXFileReference; fileEncoding = 4; lastKnownFileType = sourcecode.c.objc; path = BCCollectionViewGroup.m; sourceTree = "<group>"; };
		54645920139393440096466C /* BCCollectionViewLayoutItem.h */ = {isa = PBXFileReference; fileEncoding = 4; lastKnownFileType = sourcecode.c.h; path = BCCollectionViewLayoutItem.h; sourceTree = "<group>"; };
		54645921139393440096466C /* BCCollectionViewLayoutItem.m */ = {isa = PBXFileReference; fileEncoding = 4; lastKnownFileType = sourcecode.c.objc; path = BCCollectionViewLayoutItem.m; sourceTree = "<group>"; };
		54645922139393440096466C /* BCCollectionViewLayoutManager.h */ = {isa = PBXFileReference; fileEncoding = 4; lastKnownFileType = sourcecode.c.h; path = BCCollectionViewLayoutManager.h; sourceTree = "<group>"; };
		54645923139393440096466C /* BCCollectionViewLayoutManager.m */ = {isa = PBXFileReference; fileEncoding = 4; lastKnownFileType = sourcecode.c.objc; path = BCCollectionViewLayoutManager.m; sourceTree = "<group>"; };
		54645924139393440096466C /* BCCollectionViewLayoutOperation.h */ = {isa = PBXFileReference; fileEncoding = 4; lastKnownFileType = sourcecode.c.h; path = BCCollectionViewLayoutOperation.h; sourceTree = "<group>"; };
		54645925139393440096466C /* BCCollectionViewLayoutOperation.m */ = {isa = PBXFileReference; fileEncoding = 4; lastKnownFileType = sourcecode.c.objc; path = BCCollectionViewLayoutOperation.m; sourceTree = "<group>"; };
		54645926139393440096466C /* BCGeometryExtensions.h */ = {isa = PBXFileReference; fileEncoding = 4; lastKnownFileType = sourcecode.c.h; path = BCGeometryExtensions.h; sourceTree = "<group>"; };
		54645978139393440096466C /* ESiTunesScroller.h */ = {isa = PBXFileReference; fileEncoding = 4; lastKnownFileType = sourcecode.c.h; path = ESiTunesScroller.h; sourceTree = "<group>"; };
		54645979139393440096466C /* ESiTunesScroller.m */ = {isa = PBXFileReference; fileEncoding = 4; lastKnownFileType = sourcecode.c.objc; path = ESiTunesScroller.m; sourceTree = "<group>"; };
		5464597A139393440096466C /* ESScrollView.h */ = {isa = PBXFileReference; fileEncoding = 4; lastKnownFileType = sourcecode.c.h; path = ESScrollView.h; sourceTree = "<group>"; };
		5464597B139393440096466C /* ESScrollView.m */ = {isa = PBXFileReference; fileEncoding = 4; lastKnownFileType = sourcecode.c.objc; path = ESScrollView.m; sourceTree = "<group>"; };
		54645A34139393440096466C /* INAppStoreWindow.h */ = {isa = PBXFileReference; fileEncoding = 4; lastKnownFileType = sourcecode.c.h; path = INAppStoreWindow.h; sourceTree = "<group>"; };
		54645A35139393440096466C /* INAppStoreWindow.m */ = {isa = PBXFileReference; fileEncoding = 4; lastKnownFileType = sourcecode.c.objc; path = INAppStoreWindow.m; sourceTree = "<group>"; };
		54645A76139393440096466C /* PXListDocumentView.h */ = {isa = PBXFileReference; fileEncoding = 4; lastKnownFileType = sourcecode.c.h; name = PXListDocumentView.h; path = Classes/PXListDocumentView.h; sourceTree = "<group>"; };
		54645A77139393440096466C /* PXListDocumentView.m */ = {isa = PBXFileReference; fileEncoding = 4; lastKnownFileType = sourcecode.c.objc; name = PXListDocumentView.m; path = Classes/PXListDocumentView.m; sourceTree = "<group>"; };
		54645A78139393440096466C /* PXListView+Private.h */ = {isa = PBXFileReference; fileEncoding = 4; lastKnownFileType = sourcecode.c.h; name = "PXListView+Private.h"; path = "Classes/PXListView+Private.h"; sourceTree = "<group>"; };
		54645A79139393440096466C /* PXListView+UserInteraction.h */ = {isa = PBXFileReference; fileEncoding = 4; lastKnownFileType = sourcecode.c.h; name = "PXListView+UserInteraction.h"; path = "Classes/PXListView+UserInteraction.h"; sourceTree = "<group>"; };
		54645A7A139393440096466C /* PXListView+UserInteraction.m */ = {isa = PBXFileReference; fileEncoding = 4; lastKnownFileType = sourcecode.c.objc; name = "PXListView+UserInteraction.m"; path = "Classes/PXListView+UserInteraction.m"; sourceTree = "<group>"; };
		54645A7B139393440096466C /* PXListView.h */ = {isa = PBXFileReference; fileEncoding = 4; lastKnownFileType = sourcecode.c.h; name = PXListView.h; path = Classes/PXListView.h; sourceTree = "<group>"; };
		54645A7C139393440096466C /* PXListView.m */ = {isa = PBXFileReference; fileEncoding = 4; lastKnownFileType = sourcecode.c.objc; name = PXListView.m; path = Classes/PXListView.m; sourceTree = "<group>"; };
		54645A7D139393440096466C /* PXListViewCell+Private.h */ = {isa = PBXFileReference; fileEncoding = 4; lastKnownFileType = sourcecode.c.h; name = "PXListViewCell+Private.h"; path = "Classes/PXListViewCell+Private.h"; sourceTree = "<group>"; };
		54645A7E139393440096466C /* PXListViewCell.h */ = {isa = PBXFileReference; fileEncoding = 4; lastKnownFileType = sourcecode.c.h; name = PXListViewCell.h; path = Classes/PXListViewCell.h; sourceTree = "<group>"; };
		54645A7F139393440096466C /* PXListViewCell.m */ = {isa = PBXFileReference; fileEncoding = 4; lastKnownFileType = sourcecode.c.objc; name = PXListViewCell.m; path = Classes/PXListViewCell.m; sourceTree = "<group>"; };
		54645A80139393440096466C /* PXListViewDelegate.h */ = {isa = PBXFileReference; fileEncoding = 4; lastKnownFileType = sourcecode.c.h; name = PXListViewDelegate.h; path = Classes/PXListViewDelegate.h; sourceTree = "<group>"; };
		54645A81139393440096466C /* PXListViewDropHighlight.h */ = {isa = PBXFileReference; fileEncoding = 4; lastKnownFileType = sourcecode.c.h; name = PXListViewDropHighlight.h; path = Classes/PXListViewDropHighlight.h; sourceTree = "<group>"; };
		54645B82139394A00096466C /* AppStoreApi.h */ = {isa = PBXFileReference; fileEncoding = 4; lastKnownFileType = sourcecode.c.h; name = AppStoreApi.h; path = Models/AppStoreApi.h; sourceTree = "<group>"; };
		54645B83139394A00096466C /* AppStoreApi.m */ = {isa = PBXFileReference; fileEncoding = 4; lastKnownFileType = sourcecode.c.objc; name = AppStoreApi.m; path = Models/AppStoreApi.m; sourceTree = "<group>"; };
		54645B85139394AF0096466C /* App.h */ = {isa = PBXFileReference; fileEncoding = 4; lastKnownFileType = sourcecode.c.h; name = App.h; path = Models/App.h; sourceTree = "<group>"; };
		54645B86139394AF0096466C /* App.m */ = {isa = PBXFileReference; fileEncoding = 4; lastKnownFileType = sourcecode.c.objc; name = App.m; path = Models/App.m; sourceTree = "<group>"; };
		54645B88139394B80096466C /* Review.h */ = {isa = PBXFileReference; fileEncoding = 4; lastKnownFileType = sourcecode.c.h; name = Review.h; path = Models/Review.h; sourceTree = "<group>"; };
		54645B89139394B80096466C /* Review.m */ = {isa = PBXFileReference; fileEncoding = 4; lastKnownFileType = sourcecode.c.objc; name = Review.m; path = Models/Review.m; sourceTree = "<group>"; };
		54645B8E139398C70096466C /* ASICacheDelegate.h */ = {isa = PBXFileReference; fileEncoding = 4; lastKnownFileType = sourcecode.c.h; name = ASICacheDelegate.h; path = External/ASIHttpRequest/Classes/ASICacheDelegate.h; sourceTree = "<group>"; };
		54645B8F139398C70096466C /* ASIDataCompressor.h */ = {isa = PBXFileReference; fileEncoding = 4; lastKnownFileType = sourcecode.c.h; name = ASIDataCompressor.h; path = External/ASIHttpRequest/Classes/ASIDataCompressor.h; sourceTree = "<group>"; };
		54645B90139398C70096466C /* ASIDataCompressor.m */ = {isa = PBXFileReference; fileEncoding = 4; lastKnownFileType = sourcecode.c.objc; name = ASIDataCompressor.m; path = External/ASIHttpRequest/Classes/ASIDataCompressor.m; sourceTree = "<group>"; };
		54645B91139398C70096466C /* ASIDataDecompressor.h */ = {isa = PBXFileReference; fileEncoding = 4; lastKnownFileType = sourcecode.c.h; name = ASIDataDecompressor.h; path = External/ASIHttpRequest/Classes/ASIDataDecompressor.h; sourceTree = "<group>"; };
		54645B92139398C70096466C /* ASIDataDecompressor.m */ = {isa = PBXFileReference; fileEncoding = 4; lastKnownFileType = sourcecode.c.objc; name = ASIDataDecompressor.m; path = External/ASIHttpRequest/Classes/ASIDataDecompressor.m; sourceTree = "<group>"; };
		54645B93139398C70096466C /* ASIDownloadCache.h */ = {isa = PBXFileReference; fileEncoding = 4; lastKnownFileType = sourcecode.c.h; name = ASIDownloadCache.h; path = External/ASIHttpRequest/Classes/ASIDownloadCache.h; sourceTree = "<group>"; };
		54645B94139398C70096466C /* ASIDownloadCache.m */ = {isa = PBXFileReference; fileEncoding = 4; lastKnownFileType = sourcecode.c.objc; name = ASIDownloadCache.m; path = External/ASIHttpRequest/Classes/ASIDownloadCache.m; sourceTree = "<group>"; };
		54645B95139398C70096466C /* ASIFormDataRequest.h */ = {isa = PBXFileReference; fileEncoding = 4; lastKnownFileType = sourcecode.c.h; name = ASIFormDataRequest.h; path = External/ASIHttpRequest/Classes/ASIFormDataRequest.h; sourceTree = "<group>"; };
		54645B96139398C70096466C /* ASIFormDataRequest.m */ = {isa = PBXFileReference; fileEncoding = 4; lastKnownFileType = sourcecode.c.objc; name = ASIFormDataRequest.m; path = External/ASIHttpRequest/Classes/ASIFormDataRequest.m; sourceTree = "<group>"; };
		54645B97139398C70096466C /* ASIHTTPRequest.h */ = {isa = PBXFileReference; fileEncoding = 4; lastKnownFileType = sourcecode.c.h; name = ASIHTTPRequest.h; path = External/ASIHttpRequest/Classes/ASIHTTPRequest.h; sourceTree = "<group>"; };
		54645B98139398C70096466C /* ASIHTTPRequest.m */ = {isa = PBXFileReference; fileEncoding = 4; lastKnownFileType = sourcecode.c.objc; name = ASIHTTPRequest.m; path = External/ASIHttpRequest/Classes/ASIHTTPRequest.m; sourceTree = "<group>"; };
		54645B99139398C70096466C /* ASIHTTPRequestConfig.h */ = {isa = PBXFileReference; fileEncoding = 4; lastKnownFileType = sourcecode.c.h; name = ASIHTTPRequestConfig.h; path = External/ASIHttpRequest/Classes/ASIHTTPRequestConfig.h; sourceTree = "<group>"; };
		54645B9A139398C70096466C /* ASIHTTPRequestDelegate.h */ = {isa = PBXFileReference; fileEncoding = 4; lastKnownFileType = sourcecode.c.h; name = ASIHTTPRequestDelegate.h; path = External/ASIHttpRequest/Classes/ASIHTTPRequestDelegate.h; sourceTree = "<group>"; };
		54645B9B139398C70096466C /* ASIInputStream.h */ = {isa = PBXFileReference; fileEncoding = 4; lastKnownFileType = sourcecode.c.h; name = ASIInputStream.h; path = External/ASIHttpRequest/Classes/ASIInputStream.h; sourceTree = "<group>"; };
		54645B9C139398C70096466C /* ASIInputStream.m */ = {isa = PBXFileReference; fileEncoding = 4; lastKnownFileType = sourcecode.c.objc; name = ASIInputStream.m; path = External/ASIHttpRequest/Classes/ASIInputStream.m; sourceTree = "<group>"; };
		54645B9D139398C70096466C /* ASINetworkQueue.h */ = {isa = PBXFileReference; fileEncoding = 4; lastKnownFileType = sourcecode.c.h; name = ASINetworkQueue.h; path = External/ASIHttpRequest/Classes/ASINetworkQueue.h; sourceTree = "<group>"; };
		54645B9E139398C70096466C /* ASINetworkQueue.m */ = {isa = PBXFileReference; fileEncoding = 4; lastKnownFileType = sourcecode.c.objc; name = ASINetworkQueue.m; path = External/ASIHttpRequest/Classes/ASINetworkQueue.m; sourceTree = "<group>"; };
		54645B9F139398C70096466C /* ASIProgressDelegate.h */ = {isa = PBXFileReference; fileEncoding = 4; lastKnownFileType = sourcecode.c.h; name = ASIProgressDelegate.h; path = External/ASIHttpRequest/Classes/ASIProgressDelegate.h; sourceTree = "<group>"; };
		54645BAB139399150096466C /* SystemConfiguration.framework */ = {isa = PBXFileReference; lastKnownFileType = wrapper.framework; name = SystemConfiguration.framework; path = System/Library/Frameworks/SystemConfiguration.framework; sourceTree = SDKROOT; };
		54645BAD139399210096466C /* Quartz.framework */ = {isa = PBXFileReference; lastKnownFileType = wrapper.framework; name = Quartz.framework; path = System/Library/Frameworks/Quartz.framework; sourceTree = SDKROOT; };
		54645BAE139399210096466C /* QuartzCore.framework */ = {isa = PBXFileReference; lastKnownFileType = wrapper.framework; name = QuartzCore.framework; path = System/Library/Frameworks/QuartzCore.framework; sourceTree = SDKROOT; };
		54645BB11393992A0096466C /* libz.dylib */ = {isa = PBXFileReference; lastKnownFileType = "compiled.mach-o.dylib"; name = libz.dylib; path = usr/lib/libz.dylib; sourceTree = SDKROOT; };
		54645BB3139399540096466C /* CoreServices.framework */ = {isa = PBXFileReference; lastKnownFileType = wrapper.framework; name = CoreServices.framework; path = System/Library/Frameworks/CoreServices.framework; sourceTree = SDKROOT; };
		54645BBF13939AFD0096466C /* AppStoreApiTests.h */ = {isa = PBXFileReference; fileEncoding = 4; lastKnownFileType = sourcecode.c.h; path = AppStoreApiTests.h; sourceTree = "<group>"; };
		54645BC013939AFD0096466C /* AppStoreApiTests.m */ = {isa = PBXFileReference; fileEncoding = 4; lastKnownFileType = sourcecode.c.objc; path = AppStoreApiTests.m; sourceTree = "<group>"; };
		54645BC313939EBB0096466C /* SystemConfiguration.framework */ = {isa = PBXFileReference; lastKnownFileType = wrapper.framework; name = SystemConfiguration.framework; path = System/Library/Frameworks/SystemConfiguration.framework; sourceTree = SDKROOT; };
		54645BC513939EC40096466C /* Quartz.framework */ = {isa = PBXFileReference; lastKnownFileType = wrapper.framework; name = Quartz.framework; path = System/Library/Frameworks/Quartz.framework; sourceTree = SDKROOT; };
		54645BC613939EC40096466C /* QuartzCore.framework */ = {isa = PBXFileReference; lastKnownFileType = wrapper.framework; name = QuartzCore.framework; path = System/Library/Frameworks/QuartzCore.framework; sourceTree = SDKROOT; };
		54645BC913939EFA0096466C /* libz.dylib */ = {isa = PBXFileReference; lastKnownFileType = "compiled.mach-o.dylib"; name = libz.dylib; path = usr/lib/libz.dylib; sourceTree = SDKROOT; };
		54B7C6FD1393A8A300AE8EDD /* angry.plist */ = {isa = PBXFileReference; lastKnownFileType = text.plist; path = angry.plist; sourceTree = "<group>"; };
		54B7C70A1393B75B00AE8EDD /* RegexKitLite.h */ = {isa = PBXFileReference; fileEncoding = 4; lastKnownFileType = sourcecode.c.h; path = RegexKitLite.h; sourceTree = "<group>"; };
		54B7C70C1393B75B00AE8EDD /* RegexKitLite.m */ = {isa = PBXFileReference; fileEncoding = 4; lastKnownFileType = sourcecode.c.objc; path = RegexKitLite.m; sourceTree = "<group>"; };
		54B7C7171393B7D600AE8EDD /* libicucore.dylib */ = {isa = PBXFileReference; lastKnownFileType = "compiled.mach-o.dylib"; name = libicucore.dylib; path = usr/lib/libicucore.dylib; sourceTree = SDKROOT; };
		54CC03431393DCCE00F6DA6B /* XPathQuery.h */ = {isa = PBXFileReference; fileEncoding = 4; lastKnownFileType = sourcecode.c.h; path = XPathQuery.h; sourceTree = "<group>"; };
		54CC03441393DCCE00F6DA6B /* XPathQuery.m */ = {isa = PBXFileReference; fileEncoding = 4; lastKnownFileType = sourcecode.c.objc; path = XPathQuery.m; sourceTree = "<group>"; };
		54CC03541393DEC800F6DA6B /* libxml2.2.dylib */ = {isa = PBXFileReference; lastKnownFileType = "compiled.mach-o.dylib"; name = libxml2.2.dylib; path = usr/lib/libxml2.2.dylib; sourceTree = SDKROOT; };
		54F6505D1393CFA3005FF9B7 /* Store.h */ = {isa = PBXFileReference; fileEncoding = 4; lastKnownFileType = sourcecode.c.h; name = Store.h; path = Models/Store.h; sourceTree = "<group>"; };
		54F6505E1393CFA3005FF9B7 /* Store.m */ = {isa = PBXFileReference; fileEncoding = 4; lastKnownFileType = sourcecode.c.objc; name = Store.m; path = Models/Store.m; sourceTree = "<group>"; };
		54F7E47A1393F076007C8CCD /* AppMonMainController.h */ = {isa = PBXFileReference; fileEncoding = 4; lastKnownFileType = sourcecode.c.h; name = AppMonMainController.h; path = Controllers/AppMonMainController.h; sourceTree = "<group>"; };
		54F7E47B1393F076007C8CCD /* AppMonMainController.m */ = {isa = PBXFileReference; fileEncoding = 4; lastKnownFileType = sourcecode.c.objc; name = AppMonMainController.m; path = Controllers/AppMonMainController.m; sourceTree = "<group>"; };
/* End PBXFileReference section */

/* Begin PBXFrameworksBuildPhase section */
		546458B3139391C20096466C /* Frameworks */ = {
			isa = PBXFrameworksBuildPhase;
			buildActionMask = 2147483647;
			files = (
				54CC03551393DEC800F6DA6B /* libxml2.2.dylib in Frameworks */,
				54B7C7181393B7D600AE8EDD /* libicucore.dylib in Frameworks */,
				54645BB21393992A0096466C /* libz.dylib in Frameworks */,
				54645BAF139399210096466C /* Quartz.framework in Frameworks */,
				54645BB4139399540096466C /* CoreServices.framework in Frameworks */,
				54645BB0139399210096466C /* QuartzCore.framework in Frameworks */,
				54645BAC139399150096466C /* SystemConfiguration.framework in Frameworks */,
				546458BB139391C20096466C /* Cocoa.framework in Frameworks */,
			);
			runOnlyForDeploymentPostprocessing = 0;
		};
		546458D3139391C40096466C /* Frameworks */ = {
			isa = PBXFrameworksBuildPhase;
			buildActionMask = 2147483647;
			files = (
				54645BCA13939EFA0096466C /* libz.dylib in Frameworks */,
				54645BC713939EC40096466C /* Quartz.framework in Frameworks */,
				54645BC813939EC40096466C /* QuartzCore.framework in Frameworks */,
				54645BC413939EBC0096466C /* SystemConfiguration.framework in Frameworks */,
				546458D8139391C40096466C /* Cocoa.framework in Frameworks */,
			);
			runOnlyForDeploymentPostprocessing = 0;
		};
/* End PBXFrameworksBuildPhase section */

/* Begin PBXGroup section */
		546458AB139391C10096466C = {
			isa = PBXGroup;
			children = (
				546458C0139391C30096466C /* AppMon */,
				546458DB139391C40096466C /* AppMonTests */,
				546458B9139391C20096466C /* Frameworks */,
				546458B7139391C20096466C /* Products */,
			);
			sourceTree = "<group>";
		};
		546458B7139391C20096466C /* Products */ = {
			isa = PBXGroup;
			children = (
				546458B6139391C20096466C /* AppMon.app */,
				546458D7139391C40096466C /* AppMonTests.octest */,
			);
			name = Products;
			sourceTree = "<group>";
		};
		546458B9139391C20096466C /* Frameworks */ = {
			isa = PBXGroup;
			children = (
				54CC03541393DEC800F6DA6B /* libxml2.2.dylib */,
				54B7C7171393B7D600AE8EDD /* libicucore.dylib */,
				54645BC913939EFA0096466C /* libz.dylib */,
				54645BB11393992A0096466C /* libz.dylib */,
				54645BC513939EC40096466C /* Quartz.framework */,
				54645BC613939EC40096466C /* QuartzCore.framework */,
				54645BC313939EBB0096466C /* SystemConfiguration.framework */,
				54645BB3139399540096466C /* CoreServices.framework */,
				54645BAD139399210096466C /* Quartz.framework */,
				54645BAE139399210096466C /* QuartzCore.framework */,
				54645BAB139399150096466C /* SystemConfiguration.framework */,
				546458BA139391C20096466C /* Cocoa.framework */,
				546458BC139391C30096466C /* Other Frameworks */,
			);
			name = Frameworks;
			sourceTree = "<group>";
		};
		546458BC139391C30096466C /* Other Frameworks */ = {
			isa = PBXGroup;
			children = (
				546458BD139391C30096466C /* AppKit.framework */,
				546458BE139391C30096466C /* CoreData.framework */,
				546458BF139391C30096466C /* Foundation.framework */,
			);
			name = "Other Frameworks";
			sourceTree = "<group>";
		};
		546458C0139391C30096466C /* AppMon */ = {
			isa = PBXGroup;
			children = (
				546458EE1393932F0096466C /* External */,
				54645B81139394800096466C /* Models */,
				546458CC139391C30096466C /* AppMonAppDelegate.h */,
				546458CD139391C30096466C /* AppMonAppDelegate.m */,
				546458CF139391C30096466C /* MainMenu.xib */,
				54F7E47A1393F076007C8CCD /* AppMonMainController.h */,
				54F7E47B1393F076007C8CCD /* AppMonMainController.m */,
				546458C1139391C30096466C /* Supporting Files */,
			);
			path = AppMon;
			sourceTree = "<group>";
		};
		546458C1139391C30096466C /* Supporting Files */ = {
			isa = PBXGroup;
			children = (
				546458C2139391C30096466C /* AppMon-Info.plist */,
				546458C3139391C30096466C /* InfoPlist.strings */,
				546458C6139391C30096466C /* AppMon-Prefix.pch */,
				546458C7139391C30096466C /* main.m */,
				546458C9139391C30096466C /* Credits.rtf */,
			);
			name = "Supporting Files";
			sourceTree = "<group>";
		};
		546458DB139391C40096466C /* AppMonTests */ = {
			isa = PBXGroup;
			children = (
				546458DC139391C40096466C /* Supporting Files */,
				54B7C6FB1393A87800AE8EDD /* Fixtures */,
				54645BBF13939AFD0096466C /* AppStoreApiTests.h */,
				54645BC013939AFD0096466C /* AppStoreApiTests.m */,
			);
			path = AppMonTests;
			sourceTree = "<group>";
		};
		546458DC139391C40096466C /* Supporting Files */ = {
			isa = PBXGroup;
			children = (
				546458DD139391C40096466C /* AppMonTests-Info.plist */,
				546458DE139391C40096466C /* InfoPlist.strings */,
				546458E1139391C40096466C /* AppMonTests-Prefix.pch */,
			);
			name = "Supporting Files";
			sourceTree = "<group>";
		};
		546458EE1393932F0096466C /* External */ = {
			isa = PBXGroup;
			children = (
				54CC03421393DCCE00F6DA6B /* XPathQuery */,
				54B7C6FF1393B75B00AE8EDD /* RegexKitLite */,
				54645B8B139398B00096466C /* ASIHttpRequest */,
				546458EF139393440096466C /* BCCollectionView */,
				5464593B139393440096466C /* ESScrollView */,
				5464597D139393440096466C /* INAppStoreWindow */,
				54645A4B139393440096466C /* PXListView */,
			);
			name = External;
			sourceTree = "<group>";
		};
		546458EF139393440096466C /* BCCollectionView */ = {
			isa = PBXGroup;
			children = (
				54645915139393440096466C /* BCCollectionView+Dragging.h */,
				54645916139393440096466C /* BCCollectionView+Dragging.m */,
				54645917139393440096466C /* BCCollectionView+Keyboard.h */,
				54645918139393440096466C /* BCCollectionView+Keyboard.m */,
				54645919139393440096466C /* BCCollectionView+Mouse.h */,
				5464591A139393440096466C /* BCCollectionView+Mouse.m */,
				5464591B139393440096466C /* BCCollectionView.h */,
				5464591C139393440096466C /* BCCollectionView.m */,
				5464591D139393440096466C /* BCCollectionViewDelegate.h */,
				5464591E139393440096466C /* BCCollectionViewGroup.h */,
				5464591F139393440096466C /* BCCollectionViewGroup.m */,
				54645920139393440096466C /* BCCollectionViewLayoutItem.h */,
				54645921139393440096466C /* BCCollectionViewLayoutItem.m */,
				54645922139393440096466C /* BCCollectionViewLayoutManager.h */,
				54645923139393440096466C /* BCCollectionViewLayoutManager.m */,
				54645924139393440096466C /* BCCollectionViewLayoutOperation.h */,
				54645925139393440096466C /* BCCollectionViewLayoutOperation.m */,
				54645926139393440096466C /* BCGeometryExtensions.h */,
			);
			name = BCCollectionView;
			path = External/BCCollectionView;
			sourceTree = "<group>";
		};
		5464593B139393440096466C /* ESScrollView */ = {
			isa = PBXGroup;
			children = (
				54645978139393440096466C /* ESiTunesScroller.h */,
				54645979139393440096466C /* ESiTunesScroller.m */,
				5464597A139393440096466C /* ESScrollView.h */,
				5464597B139393440096466C /* ESScrollView.m */,
			);
			name = ESScrollView;
			path = External/ESScrollView;
			sourceTree = "<group>";
		};
		5464597D139393440096466C /* INAppStoreWindow */ = {
			isa = PBXGroup;
			children = (
				54645A34139393440096466C /* INAppStoreWindow.h */,
				54645A35139393440096466C /* INAppStoreWindow.m */,
			);
			name = INAppStoreWindow;
			path = External/INAppStoreWindow;
			sourceTree = "<group>";
		};
		54645A4B139393440096466C /* PXListView */ = {
			isa = PBXGroup;
			children = (
				54645A76139393440096466C /* PXListDocumentView.h */,
				54645A77139393440096466C /* PXListDocumentView.m */,
				54645A78139393440096466C /* PXListView+Private.h */,
				54645A79139393440096466C /* PXListView+UserInteraction.h */,
				54645A7A139393440096466C /* PXListView+UserInteraction.m */,
				54645A7B139393440096466C /* PXListView.h */,
				54645A7C139393440096466C /* PXListView.m */,
				54645A7D139393440096466C /* PXListViewCell+Private.h */,
				54645A7E139393440096466C /* PXListViewCell.h */,
				54645A7F139393440096466C /* PXListViewCell.m */,
				54645A80139393440096466C /* PXListViewDelegate.h */,
				54645A81139393440096466C /* PXListViewDropHighlight.h */,
			);
			name = PXListView;
			path = External/PXListView;
			sourceTree = "<group>";
		};
		54645B81139394800096466C /* Models */ = {
			isa = PBXGroup;
			children = (
				54645B82139394A00096466C /* AppStoreApi.h */,
				54645B83139394A00096466C /* AppStoreApi.m */,
				54645B85139394AF0096466C /* App.h */,
				54645B86139394AF0096466C /* App.m */,
				54645B88139394B80096466C /* Review.h */,
				54645B89139394B80096466C /* Review.m */,
				54F6505D1393CFA3005FF9B7 /* Store.h */,
				54F6505E1393CFA3005FF9B7 /* Store.m */,
			);
			name = Models;
			sourceTree = "<group>";
		};
		54645B8B139398B00096466C /* ASIHttpRequest */ = {
			isa = PBXGroup;
			children = (
				54645B8E139398C70096466C /* ASICacheDelegate.h */,
				54645B8F139398C70096466C /* ASIDataCompressor.h */,
				54645B90139398C70096466C /* ASIDataCompressor.m */,
				54645B91139398C70096466C /* ASIDataDecompressor.h */,
				54645B92139398C70096466C /* ASIDataDecompressor.m */,
				54645B93139398C70096466C /* ASIDownloadCache.h */,
				54645B94139398C70096466C /* ASIDownloadCache.m */,
				54645B95139398C70096466C /* ASIFormDataRequest.h */,
				54645B96139398C70096466C /* ASIFormDataRequest.m */,
				54645B97139398C70096466C /* ASIHTTPRequest.h */,
				54645B98139398C70096466C /* ASIHTTPRequest.m */,
				54645B99139398C70096466C /* ASIHTTPRequestConfig.h */,
				54645B9A139398C70096466C /* ASIHTTPRequestDelegate.h */,
				54645B9B139398C70096466C /* ASIInputStream.h */,
				54645B9C139398C70096466C /* ASIInputStream.m */,
				54645B9D139398C70096466C /* ASINetworkQueue.h */,
				54645B9E139398C70096466C /* ASINetworkQueue.m */,
				54645B9F139398C70096466C /* ASIProgressDelegate.h */,
			);
			name = ASIHttpRequest;
			sourceTree = "<group>";
		};
		54B7C6FB1393A87800AE8EDD /* Fixtures */ = {
			isa = PBXGroup;
			children = (
				54B7C6FD1393A8A300AE8EDD /* angry.plist */,
			);
			name = Fixtures;
			sourceTree = "<group>";
		};
		54B7C6FF1393B75B00AE8EDD /* RegexKitLite */ = {
			isa = PBXGroup;
			children = (
				54B7C70A1393B75B00AE8EDD /* RegexKitLite.h */,
				54B7C70C1393B75B00AE8EDD /* RegexKitLite.m */,
			);
			name = RegexKitLite;
			path = External/RegexKitLite;
			sourceTree = "<group>";
		};
		54CC03421393DCCE00F6DA6B /* XPathQuery */ = {
			isa = PBXGroup;
			children = (
				54CC03431393DCCE00F6DA6B /* XPathQuery.h */,
				54CC03441393DCCE00F6DA6B /* XPathQuery.m */,
			);
			name = XPathQuery;
			path = External/XPathQuery;
			sourceTree = "<group>";
		};
/* End PBXGroup section */

/* Begin PBXNativeTarget section */
		546458B5139391C20096466C /* AppMon */ = {
			isa = PBXNativeTarget;
			buildConfigurationList = 546458E8139391C40096466C /* Build configuration list for PBXNativeTarget "AppMon" */;
			buildPhases = (
				546458B2139391C20096466C /* Sources */,
				546458B3139391C20096466C /* Frameworks */,
				546458B4139391C20096466C /* Resources */,
			);
			buildRules = (
			);
			dependencies = (
			);
			name = AppMon;
			productName = AppMon;
			productReference = 546458B6139391C20096466C /* AppMon.app */;
			productType = "com.apple.product-type.application";
		};
		546458D6139391C40096466C /* AppMonTests */ = {
			isa = PBXNativeTarget;
			buildConfigurationList = 546458EB139391C50096466C /* Build configuration list for PBXNativeTarget "AppMonTests" */;
			buildPhases = (
				546458D2139391C40096466C /* Sources */,
				546458D3139391C40096466C /* Frameworks */,
				546458D4139391C40096466C /* Resources */,
				546458D5139391C40096466C /* ShellScript */,
			);
			buildRules = (
			);
			dependencies = (
				546458DA139391C40096466C /* PBXTargetDependency */,
			);
			name = AppMonTests;
			productName = AppMonTests;
			productReference = 546458D7139391C40096466C /* AppMonTests.octest */;
			productType = "com.apple.product-type.bundle";
		};
/* End PBXNativeTarget section */

/* Begin PBXProject section */
		546458AD139391C10096466C /* Project object */ = {
			isa = PBXProject;
			attributes = {
				ORGANIZATIONNAME = "Ignition Soft Limited";
			};
			buildConfigurationList = 546458B0139391C10096466C /* Build configuration list for PBXProject "AppMon" */;
			compatibilityVersion = "Xcode 3.2";
			developmentRegion = English;
			hasScannedForEncodings = 0;
			knownRegions = (
				en,
				English,
			);
			mainGroup = 546458AB139391C10096466C;
			productRefGroup = 546458B7139391C20096466C /* Products */;
			projectDirPath = "";
			projectRoot = "";
			targets = (
				546458B5139391C20096466C /* AppMon */,
				546458D6139391C40096466C /* AppMonTests */,
			);
		};
/* End PBXProject section */

/* Begin PBXResourcesBuildPhase section */
		546458B4139391C20096466C /* Resources */ = {
			isa = PBXResourcesBuildPhase;
			buildActionMask = 2147483647;
			files = (
				546458C5139391C30096466C /* InfoPlist.strings in Resources */,
				546458CB139391C30096466C /* Credits.rtf in Resources */,
				546458D1139391C30096466C /* MainMenu.xib in Resources */,
				54B7C6FE1393A8A300AE8EDD /* angry.plist in Resources */,
			);
			runOnlyForDeploymentPostprocessing = 0;
		};
		546458D4139391C40096466C /* Resources */ = {
			isa = PBXResourcesBuildPhase;
			buildActionMask = 2147483647;
			files = (
				546458E0139391C40096466C /* InfoPlist.strings in Resources */,
			);
			runOnlyForDeploymentPostprocessing = 0;
		};
/* End PBXResourcesBuildPhase section */

/* Begin PBXShellScriptBuildPhase section */
		546458D5139391C40096466C /* ShellScript */ = {
			isa = PBXShellScriptBuildPhase;
			buildActionMask = 2147483647;
			files = (
			);
			inputPaths = (
			);
			outputPaths = (
			);
			runOnlyForDeploymentPostprocessing = 0;
			shellPath = /bin/sh;
			shellScript = "# Run the unit tests in this test bundle.\n\"${SYSTEM_DEVELOPER_DIR}/Tools/RunUnitTests\"\n";
		};
/* End PBXShellScriptBuildPhase section */

/* Begin PBXSourcesBuildPhase section */
		546458B2139391C20096466C /* Sources */ = {
			isa = PBXSourcesBuildPhase;
			buildActionMask = 2147483647;
			files = (
				546458C8139391C30096466C /* main.m in Sources */,
				546458CE139391C30096466C /* AppMonAppDelegate.m in Sources */,
				54645AB2139393450096466C /* BCCollectionView+Dragging.m in Sources */,
				54645AB3139393450096466C /* BCCollectionView+Keyboard.m in Sources */,
				54645AB4139393450096466C /* BCCollectionView+Mouse.m in Sources */,
				54645AB5139393450096466C /* BCCollectionView.m in Sources */,
				54645AB6139393450096466C /* BCCollectionViewGroup.m in Sources */,
				54645AB7139393450096466C /* BCCollectionViewLayoutItem.m in Sources */,
				54645AB8139393450096466C /* BCCollectionViewLayoutManager.m in Sources */,
				54645AB9139393450096466C /* BCCollectionViewLayoutOperation.m in Sources */,
				54645AE5139393450096466C /* ESiTunesScroller.m in Sources */,
				54645AE6139393450096466C /* ESScrollView.m in Sources */,
				54645B4A139393450096466C /* INAppStoreWindow.m in Sources */,
				54645B6E139393450096466C /* PXListDocumentView.m in Sources */,
				54645B6F139393450096466C /* PXListView+UserInteraction.m in Sources */,
				54645B70139393450096466C /* PXListView.m in Sources */,
				54645B71139393450096466C /* PXListViewCell.m in Sources */,
				54645B84139394A00096466C /* AppStoreApi.m in Sources */,
				54645B87139394AF0096466C /* App.m in Sources */,
				54645B8A139394B80096466C /* Review.m in Sources */,
				54645BA1139398C70096466C /* ASIDataCompressor.m in Sources */,
				54645BA2139398C70096466C /* ASIDataDecompressor.m in Sources */,
				54645BA3139398C70096466C /* ASIDownloadCache.m in Sources */,
				54645BA4139398C70096466C /* ASIFormDataRequest.m in Sources */,
				54645BA5139398C70096466C /* ASIHTTPRequest.m in Sources */,
				54645BA6139398C70096466C /* ASIInputStream.m in Sources */,
				54645BA7139398C70096466C /* ASINetworkQueue.m in Sources */,
				54B7C7161393B75B00AE8EDD /* RegexKitLite.m in Sources */,
				54F6505F1393CFA3005FF9B7 /* Store.m in Sources */,
				54CC03451393DCCE00F6DA6B /* XPathQuery.m in Sources */,
				54F7E47D1393F077007C8CCD /* AppMonMainController.m in Sources */,
			);
			runOnlyForDeploymentPostprocessing = 0;
		};
		546458D2139391C40096466C /* Sources */ = {
			isa = PBXSourcesBuildPhase;
			buildActionMask = 2147483647;
			files = (
				54645BC213939D2A0096466C /* AppStoreApiTests.m in Sources */,
			);
			runOnlyForDeploymentPostprocessing = 0;
		};
/* End PBXSourcesBuildPhase section */

/* Begin PBXTargetDependency section */
		546458DA139391C40096466C /* PBXTargetDependency */ = {
			isa = PBXTargetDependency;
			target = 546458B5139391C20096466C /* AppMon */;
			targetProxy = 546458D9139391C40096466C /* PBXContainerItemProxy */;
		};
/* End PBXTargetDependency section */

/* Begin PBXVariantGroup section */
		546458C3139391C30096466C /* InfoPlist.strings */ = {
			isa = PBXVariantGroup;
			children = (
				546458C4139391C30096466C /* en */,
			);
			name = InfoPlist.strings;
			sourceTree = "<group>";
		};
		546458C9139391C30096466C /* Credits.rtf */ = {
			isa = PBXVariantGroup;
			children = (
				546458CA139391C30096466C /* en */,
			);
			name = Credits.rtf;
			sourceTree = "<group>";
		};
		546458CF139391C30096466C /* MainMenu.xib */ = {
			isa = PBXVariantGroup;
			children = (
				546458D0139391C30096466C /* en */,
			);
			name = MainMenu.xib;
			sourceTree = "<group>";
		};
		546458DE139391C40096466C /* InfoPlist.strings */ = {
			isa = PBXVariantGroup;
			children = (
				546458DF139391C40096466C /* en */,
			);
			name = InfoPlist.strings;
			sourceTree = "<group>";
		};
/* End PBXVariantGroup section */

/* Begin XCBuildConfiguration section */
		546458E6139391C40096466C /* Debug */ = {
			isa = XCBuildConfiguration;
			buildSettings = {
				ARCHS = "$(ARCHS_STANDARD_32_64_BIT)";
				GCC_C_LANGUAGE_STANDARD = gnu99;
				GCC_OPTIMIZATION_LEVEL = 0;
				GCC_PREPROCESSOR_DEFINITIONS = DEBUG;
				GCC_SYMBOLS_PRIVATE_EXTERN = NO;
				GCC_VERSION = com.apple.compilers.llvm.clang.1_0;
				GCC_WARN_64_TO_32_BIT_CONVERSION = YES;
				GCC_WARN_ABOUT_RETURN_TYPE = YES;
				GCC_WARN_UNUSED_VARIABLE = YES;
				MACOSX_DEPLOYMENT_TARGET = 10.6;
				ONLY_ACTIVE_ARCH = YES;
				SDKROOT = macosx;
			};
			name = Debug;
		};
		546458E7139391C40096466C /* Release */ = {
			isa = XCBuildConfiguration;
			buildSettings = {
				ARCHS = "$(ARCHS_STANDARD_32_64_BIT)";
				GCC_C_LANGUAGE_STANDARD = gnu99;
				GCC_VERSION = com.apple.compilers.llvm.clang.1_0;
				GCC_WARN_64_TO_32_BIT_CONVERSION = YES;
				GCC_WARN_ABOUT_RETURN_TYPE = YES;
				GCC_WARN_UNUSED_VARIABLE = YES;
				MACOSX_DEPLOYMENT_TARGET = 10.6;
				SDKROOT = macosx;
			};
			name = Release;
		};
		546458E9139391C40096466C /* Debug */ = {
			isa = XCBuildConfiguration;
			buildSettings = {
				ALWAYS_SEARCH_USER_PATHS = NO;
				COPY_PHASE_STRIP = NO;
				GCC_DYNAMIC_NO_PIC = NO;
				GCC_ENABLE_OBJC_EXCEPTIONS = YES;
				GCC_PRECOMPILE_PREFIX_HEADER = YES;
				GCC_PREFIX_HEADER = "AppMon/AppMon-Prefix.pch";
				HEADER_SEARCH_PATHS = "$(SDKROOT)/usr/include/libxml2";
				INFOPLIST_FILE = "AppMon/AppMon-Info.plist";
				PRODUCT_NAME = "$(TARGET_NAME)";
				WRAPPER_EXTENSION = app;
			};
			name = Debug;
		};
		546458EA139391C40096466C /* Release */ = {
			isa = XCBuildConfiguration;
			buildSettings = {
				ALWAYS_SEARCH_USER_PATHS = NO;
				COPY_PHASE_STRIP = YES;
				DEBUG_INFORMATION_FORMAT = "dwarf-with-dsym";
				GCC_ENABLE_OBJC_EXCEPTIONS = YES;
				GCC_PRECOMPILE_PREFIX_HEADER = YES;
				GCC_PREFIX_HEADER = "AppMon/AppMon-Prefix.pch";
				HEADER_SEARCH_PATHS = "$(SDKROOT)/usr/include/libxml2";
				INFOPLIST_FILE = "AppMon/AppMon-Info.plist";
				PRODUCT_NAME = "$(TARGET_NAME)";
				WRAPPER_EXTENSION = app;
			};
			name = Release;
		};
		546458EC139391C50096466C /* Debug */ = {
			isa = XCBuildConfiguration;
			buildSettings = {
				ALWAYS_SEARCH_USER_PATHS = NO;
				BUNDLE_LOADER = "$(BUILT_PRODUCTS_DIR)/AppMon.app/Contents/MacOS/AppMon";
				COPY_PHASE_STRIP = NO;
				FRAMEWORK_SEARCH_PATHS = "$(DEVELOPER_LIBRARY_DIR)/Frameworks";
				GCC_DYNAMIC_NO_PIC = NO;
				GCC_ENABLE_OBJC_EXCEPTIONS = YES;
				GCC_PRECOMPILE_PREFIX_HEADER = YES;
				GCC_PREFIX_HEADER = "AppMonTests/AppMonTests-Prefix.pch";
				INFOPLIST_FILE = "AppMonTests/AppMonTests-Info.plist";
				OTHER_LDFLAGS = (
					"-framework",
					SenTestingKit,
				);
				PRODUCT_NAME = "$(TARGET_NAME)";
				TEST_HOST = "$(BUNDLE_LOADER)";
				WRAPPER_EXTENSION = octest;
			};
			name = Debug;
		};
		546458ED139391C50096466C /* Release */ = {
			isa = XCBuildConfiguration;
			buildSettings = {
				ALWAYS_SEARCH_USER_PATHS = NO;
				BUNDLE_LOADER = "$(BUILT_PRODUCTS_DIR)/AppMon.app/Contents/MacOS/AppMon";
				COPY_PHASE_STRIP = YES;
				DEBUG_INFORMATION_FORMAT = "dwarf-with-dsym";
				FRAMEWORK_SEARCH_PATHS = "$(DEVELOPER_LIBRARY_DIR)/Frameworks";
				GCC_ENABLE_OBJC_EXCEPTIONS = YES;
				GCC_PRECOMPILE_PREFIX_HEADER = YES;
				GCC_PREFIX_HEADER = "AppMonTests/AppMonTests-Prefix.pch";
				INFOPLIST_FILE = "AppMonTests/AppMonTests-Info.plist";
				OTHER_LDFLAGS = (
					"-framework",
					SenTestingKit,
				);
				PRODUCT_NAME = "$(TARGET_NAME)";
				TEST_HOST = "$(BUNDLE_LOADER)";
				WRAPPER_EXTENSION = octest;
			};
			name = Release;
		};
/* End XCBuildConfiguration section */

/* Begin XCConfigurationList section */
		546458B0139391C10096466C /* Build configuration list for PBXProject "AppMon" */ = {
			isa = XCConfigurationList;
			buildConfigurations = (
				546458E6139391C40096466C /* Debug */,
				546458E7139391C40096466C /* Release */,
			);
			defaultConfigurationIsVisible = 0;
			defaultConfigurationName = Release;
		};
		546458E8139391C40096466C /* Build configuration list for PBXNativeTarget "AppMon" */ = {
			isa = XCConfigurationList;
			buildConfigurations = (
				546458E9139391C40096466C /* Debug */,
				546458EA139391C40096466C /* Release */,
			);
			defaultConfigurationIsVisible = 0;
			defaultConfigurationName = Release;
		};
		546458EB139391C50096466C /* Build configuration list for PBXNativeTarget "AppMonTests" */ = {
			isa = XCConfigurationList;
			buildConfigurations = (
				546458EC139391C50096466C /* Debug */,
				546458ED139391C50096466C /* Release */,
			);
			defaultConfigurationIsVisible = 0;
			defaultConfigurationName = Release;
		};
/* End XCConfigurationList section */
	};
	rootObject = 546458AD139391C10096466C /* Project object */;
}
