// !$*UTF8*$!
{
	archiveVersion = 1;
	classes = {
	};
	objectVersion = 46;
	objects = {

/* Begin PBXBuildFile section */
		546458BB139391C20096466C /* Cocoa.framework in Frameworks */ = {isa = PBXBuildFile; fileRef = 546458BA139391C20096466C /* Cocoa.framework */; };
		546458C5139391C30096466C /* InfoPlist.strings in Resources */ = {isa = PBXBuildFile; fileRef = 546458C3139391C30096466C /* InfoPlist.strings */; };
		546458C8139391C30096466C /* main.m in Sources */ = {isa = PBXBuildFile; fileRef = 546458C7139391C30096466C /* main.m */; };
		546458CB139391C30096466C /* Credits.rtf in Resources */ = {isa = PBXBuildFile; fileRef = 546458C9139391C30096466C /* Credits.rtf */; };
		546458CE139391C30096466C /* AppMonAppDelegate.m in Sources */ = {isa = PBXBuildFile; fileRef = 546458CD139391C30096466C /* AppMonAppDelegate.m */; };
		546458D1139391C30096466C /* MainMenu.xib in Resources */ = {isa = PBXBuildFile; fileRef = 546458CF139391C30096466C /* MainMenu.xib */; };
		546458D8139391C40096466C /* Cocoa.framework in Frameworks */ = {isa = PBXBuildFile; fileRef = 546458BA139391C20096466C /* Cocoa.framework */; };
		546458E0139391C40096466C /* InfoPlist.strings in Resources */ = {isa = PBXBuildFile; fileRef = 546458DE139391C40096466C /* InfoPlist.strings */; };
		546458E3139391C40096466C /* AppMonTests.h in Resources */ = {isa = PBXBuildFile; fileRef = 546458E2139391C40096466C /* AppMonTests.h */; };
		546458E5139391C40096466C /* AppMonTests.m in Sources */ = {isa = PBXBuildFile; fileRef = 546458E4139391C40096466C /* AppMonTests.m */; };
/* End PBXBuildFile section */

/* Begin PBXContainerItemProxy section */
		546458D9139391C40096466C /* PBXContainerItemProxy */ = {
			isa = PBXContainerItemProxy;
			containerPortal = 546458AD139391C10096466C /* Project object */;
			proxyType = 1;
			remoteGlobalIDString = 546458B5139391C20096466C;
			remoteInfo = AppMon;
		};
/* End PBXContainerItemProxy section */

/* Begin PBXFileReference section */
		546458B6139391C20096466C /* AppMon.app */ = {isa = PBXFileReference; explicitFileType = wrapper.application; includeInIndex = 0; path = AppMon.app; sourceTree = BUILT_PRODUCTS_DIR; };
		546458BA139391C20096466C /* Cocoa.framework */ = {isa = PBXFileReference; lastKnownFileType = wrapper.framework; name = Cocoa.framework; path = System/Library/Frameworks/Cocoa.framework; sourceTree = SDKROOT; };
		546458BD139391C30096466C /* AppKit.framework */ = {isa = PBXFileReference; lastKnownFileType = wrapper.framework; name = AppKit.framework; path = System/Library/Frameworks/AppKit.framework; sourceTree = SDKROOT; };
		546458BE139391C30096466C /* CoreData.framework */ = {isa = PBXFileReference; lastKnownFileType = wrapper.framework; name = CoreData.framework; path = System/Library/Frameworks/CoreData.framework; sourceTree = SDKROOT; };
		546458BF139391C30096466C /* Foundation.framework */ = {isa = PBXFileReference; lastKnownFileType = wrapper.framework; name = Foundation.framework; path = System/Library/Frameworks/Foundation.framework; sourceTree = SDKROOT; };
		546458C2139391C30096466C /* AppMon-Info.plist */ = {isa = PBXFileReference; path = "AppMon-Info.plist"; sourceTree = "<group>"; };
		546458C4139391C30096466C /* en */ = {isa = PBXFileReference; lastKnownFileType = text.plist.strings; name = en; path = en.lproj/InfoPlist.strings; sourceTree = "<group>"; };
		546458C6139391C30096466C /* AppMon-Prefix.pch */ = {isa = PBXFileReference; path = "AppMon-Prefix.pch"; sourceTree = "<group>"; };
		546458C7139391C30096466C /* main.m */ = {isa = PBXFileReference; lastKnownFileType = sourcecode.c.objc; path = main.m; sourceTree = "<group>"; };
		546458CA139391C30096466C /* en */ = {isa = PBXFileReference; lastKnownFileType = text.rtf; name = en; path = en.lproj/Credits.rtf; sourceTree = "<group>"; };
		546458CC139391C30096466C /* AppMonAppDelegate.h */ = {isa = PBXFileReference; path = AppMonAppDelegate.h; sourceTree = "<group>"; };
		546458CD139391C30096466C /* AppMonAppDelegate.m */ = {isa = PBXFileReference; lastKnownFileType = sourcecode.c.objc; path = AppMonAppDelegate.m; sourceTree = "<group>"; };
		546458D0139391C30096466C /* en */ = {isa = PBXFileReference; lastKnownFileType = file.xib; name = en; path = en.lproj/MainMenu.xib; sourceTree = "<group>"; };
		546458D7139391C40096466C /* AppMonTests.octest */ = {isa = PBXFileReference; explicitFileType = wrapper.cfbundle; includeInIndex = 0; path = AppMonTests.octest; sourceTree = BUILT_PRODUCTS_DIR; };
		546458DD139391C40096466C /* AppMonTests-Info.plist */ = {isa = PBXFileReference; path = "AppMonTests-Info.plist"; sourceTree = "<group>"; };
		546458DF139391C40096466C /* en */ = {isa = PBXFileReference; lastKnownFileType = text.plist.strings; name = en; path = en.lproj/InfoPlist.strings; sourceTree = "<group>"; };
		546458E1139391C40096466C /* AppMonTests-Prefix.pch */ = {isa = PBXFileReference; path = "AppMonTests-Prefix.pch"; sourceTree = "<group>"; };
		546458E2139391C40096466C /* AppMonTests.h */ = {isa = PBXFileReference; lastKnownFileType = sourcecode.c.h; path = AppMonTests.h; sourceTree = "<group>"; };
		546458E4139391C40096466C /* AppMonTests.m */ = {isa = PBXFileReference; lastKnownFileType = sourcecode.c.objc; path = AppMonTests.m; sourceTree = "<group>"; };
/* End PBXFileReference section */

/* Begin PBXFrameworksBuildPhase section */
		546458B3139391C20096466C /* Frameworks */ = {
			isa = PBXFrameworksBuildPhase;
			buildActionMask = 2147483647;
			files = (
				546458BB139391C20096466C /* Cocoa.framework in Frameworks */,
			);
			runOnlyForDeploymentPostprocessing = 0;
		};
		546458D3139391C40096466C /* Frameworks */ = {
			isa = PBXFrameworksBuildPhase;
			buildActionMask = 2147483647;
			files = (
				546458D8139391C40096466C /* Cocoa.framework in Frameworks */,
			);
			runOnlyForDeploymentPostprocessing = 0;
		};
/* End PBXFrameworksBuildPhase section */

/* Begin PBXGroup section */
		546458AB139391C10096466C = {
			isa = PBXGroup;
			children = (
				546458C0139391C30096466C /* AppMon */,
				546458DB139391C40096466C /* AppMonTests */,
				546458B9139391C20096466C /* Frameworks */,
				546458B7139391C20096466C /* Products */,
			);
			sourceTree = "<group>";
		};
		546458B7139391C20096466C /* Products */ = {
			isa = PBXGroup;
			children = (
				546458B6139391C20096466C /* AppMon.app */,
				546458D7139391C40096466C /* AppMonTests.octest */,
			);
			name = Products;
			sourceTree = "<group>";
		};
		546458B9139391C20096466C /* Frameworks */ = {
			isa = PBXGroup;
			children = (
				546458BA139391C20096466C /* Cocoa.framework */,
				546458BC139391C30096466C /* Other Frameworks */,
			);
			name = Frameworks;
			sourceTree = "<group>";
		};
		546458BC139391C30096466C /* Other Frameworks */ = {
			isa = PBXGroup;
			children = (
				546458BD139391C30096466C /* AppKit.framework */,
				546458BE139391C30096466C /* CoreData.framework */,
				546458BF139391C30096466C /* Foundation.framework */,
			);
			name = "Other Frameworks";
			sourceTree = "<group>";
		};
		546458C0139391C30096466C /* AppMon */ = {
			isa = PBXGroup;
			children = (
				546458CC139391C30096466C /* AppMonAppDelegate.h */,
				546458CD139391C30096466C /* AppMonAppDelegate.m */,
				546458CF139391C30096466C /* MainMenu.xib */,
				546458C1139391C30096466C /* Supporting Files */,
			);
			path = AppMon;
			sourceTree = "<group>";
		};
		546458C1139391C30096466C /* Supporting Files */ = {
			isa = PBXGroup;
			children = (
				546458C2139391C30096466C /* AppMon-Info.plist */,
				546458C3139391C30096466C /* InfoPlist.strings */,
				546458C6139391C30096466C /* AppMon-Prefix.pch */,
				546458C7139391C30096466C /* main.m */,
				546458C9139391C30096466C /* Credits.rtf */,
			);
			name = "Supporting Files";
			sourceTree = "<group>";
		};
		546458DB139391C40096466C /* AppMonTests */ = {
			isa = PBXGroup;
			children = (
				546458E2139391C40096466C /* AppMonTests.h */,
				546458E4139391C40096466C /* AppMonTests.m */,
				546458DC139391C40096466C /* Supporting Files */,
			);
			path = AppMonTests;
			sourceTree = "<group>";
		};
		546458DC139391C40096466C /* Supporting Files */ = {
			isa = PBXGroup;
			children = (
				546458DD139391C40096466C /* AppMonTests-Info.plist */,
				546458DE139391C40096466C /* InfoPlist.strings */,
				546458E1139391C40096466C /* AppMonTests-Prefix.pch */,
			);
			name = "Supporting Files";
			sourceTree = "<group>";
		};
/* End PBXGroup section */

/* Begin PBXNativeTarget section */
		546458B5139391C20096466C /* AppMon */ = {
			isa = PBXNativeTarget;
			buildConfigurationList = 546458E8139391C40096466C /* Build configuration list for PBXNativeTarget "AppMon" */;
			buildPhases = (
				546458B2139391C20096466C /* Sources */,
				546458B3139391C20096466C /* Frameworks */,
				546458B4139391C20096466C /* Resources */,
			);
			buildRules = (
			);
			dependencies = (
			);
			name = AppMon;
			productName = AppMon;
			productReference = 546458B6139391C20096466C /* AppMon.app */;
			productType = "com.apple.product-type.application";
		};
		546458D6139391C40096466C /* AppMonTests */ = {
			isa = PBXNativeTarget;
			buildConfigurationList = 546458EB139391C50096466C /* Build configuration list for PBXNativeTarget "AppMonTests" */;
			buildPhases = (
				546458D2139391C40096466C /* Sources */,
				546458D3139391C40096466C /* Frameworks */,
				546458D4139391C40096466C /* Resources */,
				546458D5139391C40096466C /* ShellScript */,
			);
			buildRules = (
			);
			dependencies = (
				546458DA139391C40096466C /* PBXTargetDependency */,
			);
			name = AppMonTests;
			productName = AppMonTests;
			productReference = 546458D7139391C40096466C /* AppMonTests.octest */;
			productType = "com.apple.product-type.bundle";
		};
/* End PBXNativeTarget section */

/* Begin PBXProject section */
		546458AD139391C10096466C /* Project object */ = {
			isa = PBXProject;
			attributes = {
				ORGANIZATIONNAME = "Ignition Soft Limited";
			};
			buildConfigurationList = 546458B0139391C10096466C /* Build configuration list for PBXProject "AppMon" */;
			compatibilityVersion = "Xcode 3.2";
			developmentRegion = English;
			hasScannedForEncodings = 0;
			knownRegions = (
				en,
			);
			mainGroup = 546458AB139391C10096466C;
			productRefGroup = 546458B7139391C20096466C /* Products */;
			projectDirPath = "";
			projectRoot = "";
			targets = (
				546458B5139391C20096466C /* AppMon */,
				546458D6139391C40096466C /* AppMonTests */,
			);
		};
/* End PBXProject section */

/* Begin PBXResourcesBuildPhase section */
		546458B4139391C20096466C /* Resources */ = {
			isa = PBXResourcesBuildPhase;
			buildActionMask = 2147483647;
			files = (
				546458C5139391C30096466C /* InfoPlist.strings in Resources */,
				546458CB139391C30096466C /* Credits.rtf in Resources */,
				546458D1139391C30096466C /* MainMenu.xib in Resources */,
			);
			runOnlyForDeploymentPostprocessing = 0;
		};
		546458D4139391C40096466C /* Resources */ = {
			isa = PBXResourcesBuildPhase;
			buildActionMask = 2147483647;
			files = (
				546458E0139391C40096466C /* InfoPlist.strings in Resources */,
				546458E3139391C40096466C /* AppMonTests.h in Resources */,
			);
			runOnlyForDeploymentPostprocessing = 0;
		};
/* End PBXResourcesBuildPhase section */

/* Begin PBXShellScriptBuildPhase section */
		546458D5139391C40096466C /* ShellScript */ = {
			isa = PBXShellScriptBuildPhase;
			buildActionMask = 2147483647;
			files = (
			);
			inputPaths = (
			);
			outputPaths = (
			);
			runOnlyForDeploymentPostprocessing = 0;
			shellPath = /bin/sh;
			shellScript = "# Run the unit tests in this test bundle.\n\"${SYSTEM_DEVELOPER_DIR}/Tools/RunUnitTests\"\n";
		};
/* End PBXShellScriptBuildPhase section */

/* Begin PBXSourcesBuildPhase section */
		546458B2139391C20096466C /* Sources */ = {
			isa = PBXSourcesBuildPhase;
			buildActionMask = 2147483647;
			files = (
				546458C8139391C30096466C /* main.m in Sources */,
				546458CE139391C30096466C /* AppMonAppDelegate.m in Sources */,
			);
			runOnlyForDeploymentPostprocessing = 0;
		};
		546458D2139391C40096466C /* Sources */ = {
			isa = PBXSourcesBuildPhase;
			buildActionMask = 2147483647;
			files = (
				546458E5139391C40096466C /* AppMonTests.m in Sources */,
			);
			runOnlyForDeploymentPostprocessing = 0;
		};
/* End PBXSourcesBuildPhase section */

/* Begin PBXTargetDependency section */
		546458DA139391C40096466C /* PBXTargetDependency */ = {
			isa = PBXTargetDependency;
			target = 546458B5139391C20096466C /* AppMon */;
			targetProxy = 546458D9139391C40096466C /* PBXContainerItemProxy */;
		};
/* End PBXTargetDependency section */

/* Begin PBXVariantGroup section */
		546458C3139391C30096466C /* InfoPlist.strings */ = {
			isa = PBXVariantGroup;
			children = (
				546458C4139391C30096466C /* en */,
			);
			name = InfoPlist.strings;
			sourceTree = "<group>";
		};
		546458C9139391C30096466C /* Credits.rtf */ = {
			isa = PBXVariantGroup;
			children = (
				546458CA139391C30096466C /* en */,
			);
			name = Credits.rtf;
			sourceTree = "<group>";
		};
		546458CF139391C30096466C /* MainMenu.xib */ = {
			isa = PBXVariantGroup;
			children = (
				546458D0139391C30096466C /* en */,
			);
			name = MainMenu.xib;
			sourceTree = "<group>";
		};
		546458DE139391C40096466C /* InfoPlist.strings */ = {
			isa = PBXVariantGroup;
			children = (
				546458DF139391C40096466C /* en */,
			);
			name = InfoPlist.strings;
			sourceTree = "<group>";
		};
/* End PBXVariantGroup section */

/* Begin XCBuildConfiguration section */
		546458E6139391C40096466C /* Debug */ = {
			isa = XCBuildConfiguration;
			buildSettings = {
				ARCHS = "$(ARCHS_STANDARD_32_64_BIT)";
				GCC_C_LANGUAGE_STANDARD = gnu99;
				GCC_OPTIMIZATION_LEVEL = 0;
				GCC_PREPROCESSOR_DEFINITIONS = DEBUG;
				GCC_SYMBOLS_PRIVATE_EXTERN = NO;
				GCC_VERSION = com.apple.compilers.llvm.clang.1_0;
				GCC_WARN_64_TO_32_BIT_CONVERSION = YES;
				GCC_WARN_ABOUT_RETURN_TYPE = YES;
				GCC_WARN_UNUSED_VARIABLE = YES;
				MACOSX_DEPLOYMENT_TARGET = 10.6;
				ONLY_ACTIVE_ARCH = YES;
				SDKROOT = macosx;
			};
			name = Debug;
		};
		546458E7139391C40096466C /* Release */ = {
			isa = XCBuildConfiguration;
			buildSettings = {
				ARCHS = "$(ARCHS_STANDARD_32_64_BIT)";
				GCC_C_LANGUAGE_STANDARD = gnu99;
				GCC_VERSION = com.apple.compilers.llvm.clang.1_0;
				GCC_WARN_64_TO_32_BIT_CONVERSION = YES;
				GCC_WARN_ABOUT_RETURN_TYPE = YES;
				GCC_WARN_UNUSED_VARIABLE = YES;
				MACOSX_DEPLOYMENT_TARGET = 10.6;
				SDKROOT = macosx;
			};
			name = Release;
		};
		546458E9139391C40096466C /* Debug */ = {
			isa = XCBuildConfiguration;
			buildSettings = {
				ALWAYS_SEARCH_USER_PATHS = NO;
				COPY_PHASE_STRIP = NO;
				GCC_DYNAMIC_NO_PIC = NO;
				GCC_ENABLE_OBJC_EXCEPTIONS = YES;
				GCC_PRECOMPILE_PREFIX_HEADER = YES;
				GCC_PREFIX_HEADER = "AppMon/AppMon-Prefix.pch";
				INFOPLIST_FILE = "AppMon/AppMon-Info.plist";
				PRODUCT_NAME = "$(TARGET_NAME)";
				WRAPPER_EXTENSION = app;
			};
			name = Debug;
		};
		546458EA139391C40096466C /* Release */ = {
			isa = XCBuildConfiguration;
			buildSettings = {
				ALWAYS_SEARCH_USER_PATHS = NO;
				COPY_PHASE_STRIP = YES;
				DEBUG_INFORMATION_FORMAT = "dwarf-with-dsym";
				GCC_ENABLE_OBJC_EXCEPTIONS = YES;
				GCC_PRECOMPILE_PREFIX_HEADER = YES;
				GCC_PREFIX_HEADER = "AppMon/AppMon-Prefix.pch";
				INFOPLIST_FILE = "AppMon/AppMon-Info.plist";
				PRODUCT_NAME = "$(TARGET_NAME)";
				WRAPPER_EXTENSION = app;
			};
			name = Release;
		};
		546458EC139391C50096466C /* Debug */ = {
			isa = XCBuildConfiguration;
			buildSettings = {
				ALWAYS_SEARCH_USER_PATHS = NO;
				BUNDLE_LOADER = "$(BUILT_PRODUCTS_DIR)/AppMon.app/Contents/MacOS/AppMon";
				COPY_PHASE_STRIP = NO;
				FRAMEWORK_SEARCH_PATHS = "$(DEVELOPER_LIBRARY_DIR)/Frameworks";
				GCC_DYNAMIC_NO_PIC = NO;
				GCC_ENABLE_OBJC_EXCEPTIONS = YES;
				GCC_PRECOMPILE_PREFIX_HEADER = YES;
				GCC_PREFIX_HEADER = "AppMonTests/AppMonTests-Prefix.pch";
				INFOPLIST_FILE = "AppMonTests/AppMonTests-Info.plist";
				OTHER_LDFLAGS = (
					"-framework",
					SenTestingKit,
				);
				PRODUCT_NAME = "$(TARGET_NAME)";
				TEST_HOST = "$(BUNDLE_LOADER)";
				WRAPPER_EXTENSION = octest;
			};
			name = Debug;
		};
		546458ED139391C50096466C /* Release */ = {
			isa = XCBuildConfiguration;
			buildSettings = {
				ALWAYS_SEARCH_USER_PATHS = NO;
				BUNDLE_LOADER = "$(BUILT_PRODUCTS_DIR)/AppMon.app/Contents/MacOS/AppMon";
				COPY_PHASE_STRIP = YES;
				DEBUG_INFORMATION_FORMAT = "dwarf-with-dsym";
				FRAMEWORK_SEARCH_PATHS = "$(DEVELOPER_LIBRARY_DIR)/Frameworks";
				GCC_ENABLE_OBJC_EXCEPTIONS = YES;
				GCC_PRECOMPILE_PREFIX_HEADER = YES;
				GCC_PREFIX_HEADER = "AppMonTests/AppMonTests-Prefix.pch";
				INFOPLIST_FILE = "AppMonTests/AppMonTests-Info.plist";
				OTHER_LDFLAGS = (
					"-framework",
					SenTestingKit,
				);
				PRODUCT_NAME = "$(TARGET_NAME)";
				TEST_HOST = "$(BUNDLE_LOADER)";
				WRAPPER_EXTENSION = octest;
			};
			name = Release;
		};
/* End XCBuildConfiguration section */

/* Begin XCConfigurationList section */
		546458B0139391C10096466C /* Build configuration list for PBXProject "AppMon" */ = {
			isa = XCConfigurationList;
			buildConfigurations = (
				546458E6139391C40096466C /* Debug */,
				546458E7139391C40096466C /* Release */,
			);
			defaultConfigurationIsVisible = 0;
			defaultConfigurationName = Release;
		};
		546458E8139391C40096466C /* Build configuration list for PBXNativeTarget "AppMon" */ = {
			isa = XCConfigurationList;
			buildConfigurations = (
				546458E9139391C40096466C /* Debug */,
				546458EA139391C40096466C /* Release */,
			);
			defaultConfigurationIsVisible = 0;
		};
		546458EB139391C50096466C /* Build configuration list for PBXNativeTarget "AppMonTests" */ = {
			isa = XCConfigurationList;
			buildConfigurations = (
				546458EC139391C50096466C /* Debug */,
				546458ED139391C50096466C /* Release */,
			);
			defaultConfigurationIsVisible = 0;
		};
/* End XCConfigurationList section */
	};
	rootObject = 546458AD139391C10096466C /* Project object */;
}
